
Microsoft Visual Studio Solution File, Format Version 12.00
# Visual Studio 15
VisualStudioVersion = 15.0.27428.2011
MinimumVisualStudioVersion = 10.0.40219.1
Project("{2150E333-8FDC-42A3-9474-1A3956D46DE8}") = "1 - Libs", "1 - Libs", "{5C31237A-4217-4129-9B3F-7554BD19232C}"
EndProject
Project("{9A19103F-16F7-4668-BE54-9A1E7A4F7556}") = "Naylah.App", "Naylah.App\Naylah.App.csproj", "{C47B534E-3CA9-42F5-B75F-95A16D7033A5}"
EndProject
Project("{2150E333-8FDC-42A3-9474-1A3956D46DE8}") = "App", "App", "{A0410270-ED52-49D1-A81F-D47E437E1F2F}"
EndProject
Project("{2150E333-8FDC-42A3-9474-1A3956D46DE8}") = "Xamarin", "Xamarin", "{BDDCF7D6-530A-454D-80BB-56EC3701B467}"
EndProject
Project("{9A19103F-16F7-4668-BE54-9A1E7A4F7556}") = "Naylah.App.Xamarin", "Naylah.App.Xamarin\Naylah.App.Xamarin.csproj", "{980E97C2-007F-4103-9CEB-E48879609278}"
EndProject
Project("{FAE04EC0-301F-11D3-BF4B-00C04F79EFBC}") = "Naylah.App.Xamarin.Android", "Naylah.App.Xamarin.Android\Naylah.App.Xamarin.Android.csproj", "{DE9BA0E0-5DA1-4359-88DD-2577E3EFAF93}"
EndProject
Project("{FAE04EC0-301F-11D3-BF4B-00C04F79EFBC}") = "Naylah.App.Xamarin.iOS", "Naylah.App.Xamarin.iOS\Naylah.App.Xamarin.iOS.csproj", "{E71F3053-056C-4381-9638-048ED73BDFF6}"
EndProject
Project("{2150E333-8FDC-42A3-9474-1A3956D46DE8}") = "Play", "Play", "{1C3989BA-6377-4E83-B9A4-9F202C727D41}"
EndProject
Project("{9A19103F-16F7-4668-BE54-9A1E7A4F7556}") = "Naylah.XamarinPlayground", "..\..\play\Naylah.XamarinPlayground\Naylah.XamarinPlayground\Naylah.XamarinPlayground.csproj", "{CDEE8B42-6CB5-4062-B1EB-1BA27FAA6AB7}"
EndProject
Project("{FAE04EC0-301F-11D3-BF4B-00C04F79EFBC}") = "Naylah.XamarinPlayground.Android", "..\..\play\Naylah.XamarinPlayground\Naylah.XamarinPlayground.Android\Naylah.XamarinPlayground.Android.csproj", "{9B3F144F-575E-43B7-AE44-ECAF54D8C102}"
EndProject
Project("{FAE04EC0-301F-11D3-BF4B-00C04F79EFBC}") = "Naylah.XamarinPlayground.iOS", "..\..\play\Naylah.XamarinPlayground\Naylah.XamarinPlayground.iOS\Naylah.XamarinPlayground.iOS.csproj", "{374D47D0-5FF7-4E4D-9F55-A3D91CA21B84}"
EndProject
Global
	GlobalSection(SolutionConfigurationPlatforms) = preSolution
		Ad-Hoc|Any CPU = Ad-Hoc|Any CPU
		Ad-Hoc|iPhone = Ad-Hoc|iPhone
		Ad-Hoc|iPhoneSimulator = Ad-Hoc|iPhoneSimulator
		AppStore|Any CPU = AppStore|Any CPU
		AppStore|iPhone = AppStore|iPhone
		AppStore|iPhoneSimulator = AppStore|iPhoneSimulator
		Debug|Any CPU = Debug|Any CPU
		Debug|iPhone = Debug|iPhone
		Debug|iPhoneSimulator = Debug|iPhoneSimulator
		Release|Any CPU = Release|Any CPU
		Release|iPhone = Release|iPhone
		Release|iPhoneSimulator = Release|iPhoneSimulator
	EndGlobalSection
	GlobalSection(ProjectConfigurationPlatforms) = postSolution
		{C47B534E-3CA9-42F5-B75F-95A16D7033A5}.Ad-Hoc|Any CPU.ActiveCfg = Release|Any CPU
		{C47B534E-3CA9-42F5-B75F-95A16D7033A5}.Ad-Hoc|Any CPU.Build.0 = Release|Any CPU
		{C47B534E-3CA9-42F5-B75F-95A16D7033A5}.Ad-Hoc|iPhone.ActiveCfg = Release|Any CPU
		{C47B534E-3CA9-42F5-B75F-95A16D7033A5}.Ad-Hoc|iPhone.Build.0 = Release|Any CPU
		{C47B534E-3CA9-42F5-B75F-95A16D7033A5}.Ad-Hoc|iPhoneSimulator.ActiveCfg = Release|Any CPU
		{C47B534E-3CA9-42F5-B75F-95A16D7033A5}.Ad-Hoc|iPhoneSimulator.Build.0 = Release|Any CPU
		{C47B534E-3CA9-42F5-B75F-95A16D7033A5}.AppStore|Any CPU.ActiveCfg = Release|Any CPU
		{C47B534E-3CA9-42F5-B75F-95A16D7033A5}.AppStore|Any CPU.Build.0 = Release|Any CPU
		{C47B534E-3CA9-42F5-B75F-95A16D7033A5}.AppStore|iPhone.ActiveCfg = Release|Any CPU
		{C47B534E-3CA9-42F5-B75F-95A16D7033A5}.AppStore|iPhone.Build.0 = Release|Any CPU
		{C47B534E-3CA9-42F5-B75F-95A16D7033A5}.AppStore|iPhoneSimulator.ActiveCfg = Release|Any CPU
		{C47B534E-3CA9-42F5-B75F-95A16D7033A5}.AppStore|iPhoneSimulator.Build.0 = Release|Any CPU
		{C47B534E-3CA9-42F5-B75F-95A16D7033A5}.Debug|Any CPU.ActiveCfg = Debug|Any CPU
		{C47B534E-3CA9-42F5-B75F-95A16D7033A5}.Debug|Any CPU.Build.0 = Debug|Any CPU
		{C47B534E-3CA9-42F5-B75F-95A16D7033A5}.Debug|iPhone.ActiveCfg = Debug|Any CPU
		{C47B534E-3CA9-42F5-B75F-95A16D7033A5}.Debug|iPhone.Build.0 = Debug|Any CPU
		{C47B534E-3CA9-42F5-B75F-95A16D7033A5}.Debug|iPhoneSimulator.ActiveCfg = Debug|Any CPU
		{C47B534E-3CA9-42F5-B75F-95A16D7033A5}.Debug|iPhoneSimulator.Build.0 = Debug|Any CPU
		{C47B534E-3CA9-42F5-B75F-95A16D7033A5}.Release|Any CPU.ActiveCfg = Release|Any CPU
		{C47B534E-3CA9-42F5-B75F-95A16D7033A5}.Release|Any CPU.Build.0 = Release|Any CPU
		{C47B534E-3CA9-42F5-B75F-95A16D7033A5}.Release|iPhone.ActiveCfg = Release|Any CPU
		{C47B534E-3CA9-42F5-B75F-95A16D7033A5}.Release|iPhone.Build.0 = Release|Any CPU
		{C47B534E-3CA9-42F5-B75F-95A16D7033A5}.Release|iPhoneSimulator.ActiveCfg = Release|Any CPU
		{C47B534E-3CA9-42F5-B75F-95A16D7033A5}.Release|iPhoneSimulator.Build.0 = Release|Any CPU
		{980E97C2-007F-4103-9CEB-E48879609278}.Ad-Hoc|Any CPU.ActiveCfg = Release|Any CPU
		{980E97C2-007F-4103-9CEB-E48879609278}.Ad-Hoc|Any CPU.Build.0 = Release|Any CPU
		{980E97C2-007F-4103-9CEB-E48879609278}.Ad-Hoc|iPhone.ActiveCfg = Release|Any CPU
		{980E97C2-007F-4103-9CEB-E48879609278}.Ad-Hoc|iPhone.Build.0 = Release|Any CPU
		{980E97C2-007F-4103-9CEB-E48879609278}.Ad-Hoc|iPhoneSimulator.ActiveCfg = Release|Any CPU
		{980E97C2-007F-4103-9CEB-E48879609278}.Ad-Hoc|iPhoneSimulator.Build.0 = Release|Any CPU
		{980E97C2-007F-4103-9CEB-E48879609278}.AppStore|Any CPU.ActiveCfg = Release|Any CPU
		{980E97C2-007F-4103-9CEB-E48879609278}.AppStore|Any CPU.Build.0 = Release|Any CPU
		{980E97C2-007F-4103-9CEB-E48879609278}.AppStore|iPhone.ActiveCfg = Release|Any CPU
		{980E97C2-007F-4103-9CEB-E48879609278}.AppStore|iPhone.Build.0 = Release|Any CPU
		{980E97C2-007F-4103-9CEB-E48879609278}.AppStore|iPhoneSimulator.ActiveCfg = Release|Any CPU
		{980E97C2-007F-4103-9CEB-E48879609278}.AppStore|iPhoneSimulator.Build.0 = Release|Any CPU
		{980E97C2-007F-4103-9CEB-E48879609278}.Debug|Any CPU.ActiveCfg = Debug|Any CPU
		{980E97C2-007F-4103-9CEB-E48879609278}.Debug|Any CPU.Build.0 = Debug|Any CPU
		{980E97C2-007F-4103-9CEB-E48879609278}.Debug|iPhone.ActiveCfg = Debug|Any CPU
		{980E97C2-007F-4103-9CEB-E48879609278}.Debug|iPhone.Build.0 = Debug|Any CPU
		{980E97C2-007F-4103-9CEB-E48879609278}.Debug|iPhoneSimulator.ActiveCfg = Debug|Any CPU
		{980E97C2-007F-4103-9CEB-E48879609278}.Debug|iPhoneSimulator.Build.0 = Debug|Any CPU
		{980E97C2-007F-4103-9CEB-E48879609278}.Release|Any CPU.ActiveCfg = Release|Any CPU
		{980E97C2-007F-4103-9CEB-E48879609278}.Release|Any CPU.Build.0 = Release|Any CPU
		{980E97C2-007F-4103-9CEB-E48879609278}.Release|iPhone.ActiveCfg = Release|Any CPU
		{980E97C2-007F-4103-9CEB-E48879609278}.Release|iPhone.Build.0 = Release|Any CPU
		{980E97C2-007F-4103-9CEB-E48879609278}.Release|iPhoneSimulator.ActiveCfg = Release|Any CPU
		{980E97C2-007F-4103-9CEB-E48879609278}.Release|iPhoneSimulator.Build.0 = Release|Any CPU
		{DE9BA0E0-5DA1-4359-88DD-2577E3EFAF93}.Ad-Hoc|Any CPU.ActiveCfg = Release|Any CPU
		{DE9BA0E0-5DA1-4359-88DD-2577E3EFAF93}.Ad-Hoc|Any CPU.Build.0 = Release|Any CPU
		{DE9BA0E0-5DA1-4359-88DD-2577E3EFAF93}.Ad-Hoc|iPhone.ActiveCfg = Release|Any CPU
		{DE9BA0E0-5DA1-4359-88DD-2577E3EFAF93}.Ad-Hoc|iPhone.Build.0 = Release|Any CPU
		{DE9BA0E0-5DA1-4359-88DD-2577E3EFAF93}.Ad-Hoc|iPhoneSimulator.ActiveCfg = Release|Any CPU
		{DE9BA0E0-5DA1-4359-88DD-2577E3EFAF93}.Ad-Hoc|iPhoneSimulator.Build.0 = Release|Any CPU
		{DE9BA0E0-5DA1-4359-88DD-2577E3EFAF93}.AppStore|Any CPU.ActiveCfg = Release|Any CPU
		{DE9BA0E0-5DA1-4359-88DD-2577E3EFAF93}.AppStore|Any CPU.Build.0 = Release|Any CPU
		{DE9BA0E0-5DA1-4359-88DD-2577E3EFAF93}.AppStore|iPhone.ActiveCfg = Release|Any CPU
		{DE9BA0E0-5DA1-4359-88DD-2577E3EFAF93}.AppStore|iPhone.Build.0 = Release|Any CPU
		{DE9BA0E0-5DA1-4359-88DD-2577E3EFAF93}.AppStore|iPhoneSimulator.ActiveCfg = Release|Any CPU
		{DE9BA0E0-5DA1-4359-88DD-2577E3EFAF93}.AppStore|iPhoneSimulator.Build.0 = Release|Any CPU
		{DE9BA0E0-5DA1-4359-88DD-2577E3EFAF93}.Debug|Any CPU.ActiveCfg = Debug|Any CPU
		{DE9BA0E0-5DA1-4359-88DD-2577E3EFAF93}.Debug|Any CPU.Build.0 = Debug|Any CPU
		{DE9BA0E0-5DA1-4359-88DD-2577E3EFAF93}.Debug|iPhone.ActiveCfg = Debug|Any CPU
		{DE9BA0E0-5DA1-4359-88DD-2577E3EFAF93}.Debug|iPhone.Build.0 = Debug|Any CPU
		{DE9BA0E0-5DA1-4359-88DD-2577E3EFAF93}.Debug|iPhoneSimulator.ActiveCfg = Debug|Any CPU
		{DE9BA0E0-5DA1-4359-88DD-2577E3EFAF93}.Debug|iPhoneSimulator.Build.0 = Debug|Any CPU
		{DE9BA0E0-5DA1-4359-88DD-2577E3EFAF93}.Release|Any CPU.ActiveCfg = Release|Any CPU
		{DE9BA0E0-5DA1-4359-88DD-2577E3EFAF93}.Release|Any CPU.Build.0 = Release|Any CPU
		{DE9BA0E0-5DA1-4359-88DD-2577E3EFAF93}.Release|iPhone.ActiveCfg = Release|Any CPU
		{DE9BA0E0-5DA1-4359-88DD-2577E3EFAF93}.Release|iPhone.Build.0 = Release|Any CPU
		{DE9BA0E0-5DA1-4359-88DD-2577E3EFAF93}.Release|iPhoneSimulator.ActiveCfg = Release|Any CPU
		{DE9BA0E0-5DA1-4359-88DD-2577E3EFAF93}.Release|iPhoneSimulator.Build.0 = Release|Any CPU
		{E71F3053-056C-4381-9638-048ED73BDFF6}.Ad-Hoc|Any CPU.ActiveCfg = Release|Any CPU
		{E71F3053-056C-4381-9638-048ED73BDFF6}.Ad-Hoc|Any CPU.Build.0 = Release|Any CPU
		{E71F3053-056C-4381-9638-048ED73BDFF6}.Ad-Hoc|iPhone.ActiveCfg = Release|Any CPU
		{E71F3053-056C-4381-9638-048ED73BDFF6}.Ad-Hoc|iPhone.Build.0 = Release|Any CPU
		{E71F3053-056C-4381-9638-048ED73BDFF6}.Ad-Hoc|iPhoneSimulator.ActiveCfg = Release|Any CPU
		{E71F3053-056C-4381-9638-048ED73BDFF6}.Ad-Hoc|iPhoneSimulator.Build.0 = Release|Any CPU
		{E71F3053-056C-4381-9638-048ED73BDFF6}.AppStore|Any CPU.ActiveCfg = Release|Any CPU
		{E71F3053-056C-4381-9638-048ED73BDFF6}.AppStore|Any CPU.Build.0 = Release|Any CPU
		{E71F3053-056C-4381-9638-048ED73BDFF6}.AppStore|iPhone.ActiveCfg = Release|Any CPU
		{E71F3053-056C-4381-9638-048ED73BDFF6}.AppStore|iPhone.Build.0 = Release|Any CPU
		{E71F3053-056C-4381-9638-048ED73BDFF6}.AppStore|iPhoneSimulator.ActiveCfg = Release|Any CPU
		{E71F3053-056C-4381-9638-048ED73BDFF6}.AppStore|iPhoneSimulator.Build.0 = Release|Any CPU
		{E71F3053-056C-4381-9638-048ED73BDFF6}.Debug|Any CPU.ActiveCfg = Debug|Any CPU
		{E71F3053-056C-4381-9638-048ED73BDFF6}.Debug|Any CPU.Build.0 = Debug|Any CPU
		{E71F3053-056C-4381-9638-048ED73BDFF6}.Debug|iPhone.ActiveCfg = Debug|Any CPU
		{E71F3053-056C-4381-9638-048ED73BDFF6}.Debug|iPhone.Build.0 = Debug|Any CPU
		{E71F3053-056C-4381-9638-048ED73BDFF6}.Debug|iPhoneSimulator.ActiveCfg = Debug|Any CPU
		{E71F3053-056C-4381-9638-048ED73BDFF6}.Debug|iPhoneSimulator.Build.0 = Debug|Any CPU
		{E71F3053-056C-4381-9638-048ED73BDFF6}.Release|Any CPU.ActiveCfg = Release|Any CPU
		{E71F3053-056C-4381-9638-048ED73BDFF6}.Release|Any CPU.Build.0 = Release|Any CPU
		{E71F3053-056C-4381-9638-048ED73BDFF6}.Release|iPhone.ActiveCfg = Release|Any CPU
		{E71F3053-056C-4381-9638-048ED73BDFF6}.Release|iPhone.Build.0 = Release|Any CPU
		{E71F3053-056C-4381-9638-048ED73BDFF6}.Release|iPhoneSimulator.ActiveCfg = Release|Any CPU
		{E71F3053-056C-4381-9638-048ED73BDFF6}.Release|iPhoneSimulator.Build.0 = Release|Any CPU
		{CDEE8B42-6CB5-4062-B1EB-1BA27FAA6AB7}.Ad-Hoc|Any CPU.ActiveCfg = Debug|Any CPU
		{CDEE8B42-6CB5-4062-B1EB-1BA27FAA6AB7}.Ad-Hoc|Any CPU.Build.0 = Debug|Any CPU
		{CDEE8B42-6CB5-4062-B1EB-1BA27FAA6AB7}.Ad-Hoc|iPhone.ActiveCfg = Debug|Any CPU
		{CDEE8B42-6CB5-4062-B1EB-1BA27FAA6AB7}.Ad-Hoc|iPhone.Build.0 = Debug|Any CPU
		{CDEE8B42-6CB5-4062-B1EB-1BA27FAA6AB7}.Ad-Hoc|iPhoneSimulator.ActiveCfg = Debug|Any CPU
		{CDEE8B42-6CB5-4062-B1EB-1BA27FAA6AB7}.Ad-Hoc|iPhoneSimulator.Build.0 = Debug|Any CPU
		{CDEE8B42-6CB5-4062-B1EB-1BA27FAA6AB7}.AppStore|Any CPU.ActiveCfg = Debug|Any CPU
		{CDEE8B42-6CB5-4062-B1EB-1BA27FAA6AB7}.AppStore|Any CPU.Build.0 = Debug|Any CPU
		{CDEE8B42-6CB5-4062-B1EB-1BA27FAA6AB7}.AppStore|iPhone.ActiveCfg = Debug|Any CPU
		{CDEE8B42-6CB5-4062-B1EB-1BA27FAA6AB7}.AppStore|iPhone.Build.0 = Debug|Any CPU
		{CDEE8B42-6CB5-4062-B1EB-1BA27FAA6AB7}.AppStore|iPhoneSimulator.ActiveCfg = Debug|Any CPU
		{CDEE8B42-6CB5-4062-B1EB-1BA27FAA6AB7}.AppStore|iPhoneSimulator.Build.0 = Debug|Any CPU
		{CDEE8B42-6CB5-4062-B1EB-1BA27FAA6AB7}.Debug|Any CPU.ActiveCfg = Debug|Any CPU
		{CDEE8B42-6CB5-4062-B1EB-1BA27FAA6AB7}.Debug|Any CPU.Build.0 = Debug|Any CPU
		{CDEE8B42-6CB5-4062-B1EB-1BA27FAA6AB7}.Debug|iPhone.ActiveCfg = Debug|Any CPU
		{CDEE8B42-6CB5-4062-B1EB-1BA27FAA6AB7}.Debug|iPhone.Build.0 = Debug|Any CPU
		{CDEE8B42-6CB5-4062-B1EB-1BA27FAA6AB7}.Debug|iPhoneSimulator.ActiveCfg = Debug|Any CPU
		{CDEE8B42-6CB5-4062-B1EB-1BA27FAA6AB7}.Debug|iPhoneSimulator.Build.0 = Debug|Any CPU
		{CDEE8B42-6CB5-4062-B1EB-1BA27FAA6AB7}.Release|Any CPU.ActiveCfg = Release|Any CPU
		{CDEE8B42-6CB5-4062-B1EB-1BA27FAA6AB7}.Release|Any CPU.Build.0 = Release|Any CPU
		{CDEE8B42-6CB5-4062-B1EB-1BA27FAA6AB7}.Release|iPhone.ActiveCfg = Release|Any CPU
		{CDEE8B42-6CB5-4062-B1EB-1BA27FAA6AB7}.Release|iPhone.Build.0 = Release|Any CPU
		{CDEE8B42-6CB5-4062-B1EB-1BA27FAA6AB7}.Release|iPhoneSimulator.ActiveCfg = Release|Any CPU
		{CDEE8B42-6CB5-4062-B1EB-1BA27FAA6AB7}.Release|iPhoneSimulator.Build.0 = Release|Any CPU
		{9B3F144F-575E-43B7-AE44-ECAF54D8C102}.Ad-Hoc|Any CPU.ActiveCfg = Release|Any CPU
		{9B3F144F-575E-43B7-AE44-ECAF54D8C102}.Ad-Hoc|Any CPU.Build.0 = Release|Any CPU
		{9B3F144F-575E-43B7-AE44-ECAF54D8C102}.Ad-Hoc|Any CPU.Deploy.0 = Release|Any CPU
		{9B3F144F-575E-43B7-AE44-ECAF54D8C102}.Ad-Hoc|iPhone.ActiveCfg = Release|Any CPU
		{9B3F144F-575E-43B7-AE44-ECAF54D8C102}.Ad-Hoc|iPhone.Build.0 = Release|Any CPU
		{9B3F144F-575E-43B7-AE44-ECAF54D8C102}.Ad-Hoc|iPhone.Deploy.0 = Release|Any CPU
		{9B3F144F-575E-43B7-AE44-ECAF54D8C102}.Ad-Hoc|iPhoneSimulator.ActiveCfg = Release|Any CPU
		{9B3F144F-575E-43B7-AE44-ECAF54D8C102}.Ad-Hoc|iPhoneSimulator.Build.0 = Release|Any CPU
		{9B3F144F-575E-43B7-AE44-ECAF54D8C102}.Ad-Hoc|iPhoneSimulator.Deploy.0 = Release|Any CPU
		{9B3F144F-575E-43B7-AE44-ECAF54D8C102}.AppStore|Any CPU.ActiveCfg = Release|Any CPU
		{9B3F144F-575E-43B7-AE44-ECAF54D8C102}.AppStore|Any CPU.Build.0 = Release|Any CPU
		{9B3F144F-575E-43B7-AE44-ECAF54D8C102}.AppStore|Any CPU.Deploy.0 = Release|Any CPU
		{9B3F144F-575E-43B7-AE44-ECAF54D8C102}.AppStore|iPhone.ActiveCfg = Release|Any CPU
		{9B3F144F-575E-43B7-AE44-ECAF54D8C102}.AppStore|iPhone.Build.0 = Release|Any CPU
		{9B3F144F-575E-43B7-AE44-ECAF54D8C102}.AppStore|iPhone.Deploy.0 = Release|Any CPU
		{9B3F144F-575E-43B7-AE44-ECAF54D8C102}.AppStore|iPhoneSimulator.ActiveCfg = Release|Any CPU
		{9B3F144F-575E-43B7-AE44-ECAF54D8C102}.AppStore|iPhoneSimulator.Build.0 = Release|Any CPU
		{9B3F144F-575E-43B7-AE44-ECAF54D8C102}.AppStore|iPhoneSimulator.Deploy.0 = Release|Any CPU
		{9B3F144F-575E-43B7-AE44-ECAF54D8C102}.Debug|Any CPU.ActiveCfg = Debug|Any CPU
		{9B3F144F-575E-43B7-AE44-ECAF54D8C102}.Debug|Any CPU.Build.0 = Debug|Any CPU
		{9B3F144F-575E-43B7-AE44-ECAF54D8C102}.Debug|Any CPU.Deploy.0 = Debug|Any CPU
		{9B3F144F-575E-43B7-AE44-ECAF54D8C102}.Debug|iPhone.ActiveCfg = Debug|Any CPU
		{9B3F144F-575E-43B7-AE44-ECAF54D8C102}.Debug|iPhone.Build.0 = Debug|Any CPU
		{9B3F144F-575E-43B7-AE44-ECAF54D8C102}.Debug|iPhone.Deploy.0 = Debug|Any CPU
		{9B3F144F-575E-43B7-AE44-ECAF54D8C102}.Debug|iPhoneSimulator.ActiveCfg = Debug|Any CPU
		{9B3F144F-575E-43B7-AE44-ECAF54D8C102}.Debug|iPhoneSimulator.Build.0 = Debug|Any CPU
		{9B3F144F-575E-43B7-AE44-ECAF54D8C102}.Debug|iPhoneSimulator.Deploy.0 = Debug|Any CPU
		{9B3F144F-575E-43B7-AE44-ECAF54D8C102}.Release|Any CPU.ActiveCfg = Release|Any CPU
		{9B3F144F-575E-43B7-AE44-ECAF54D8C102}.Release|Any CPU.Build.0 = Release|Any CPU
		{9B3F144F-575E-43B7-AE44-ECAF54D8C102}.Release|Any CPU.Deploy.0 = Release|Any CPU
		{9B3F144F-575E-43B7-AE44-ECAF54D8C102}.Release|iPhone.ActiveCfg = Release|Any CPU
		{9B3F144F-575E-43B7-AE44-ECAF54D8C102}.Release|iPhone.Build.0 = Release|Any CPU
		{9B3F144F-575E-43B7-AE44-ECAF54D8C102}.Release|iPhone.Deploy.0 = Release|Any CPU
		{9B3F144F-575E-43B7-AE44-ECAF54D8C102}.Release|iPhoneSimulator.ActiveCfg = Release|Any CPU
		{9B3F144F-575E-43B7-AE44-ECAF54D8C102}.Release|iPhoneSimulator.Build.0 = Release|Any CPU
		{9B3F144F-575E-43B7-AE44-ECAF54D8C102}.Release|iPhoneSimulator.Deploy.0 = Release|Any CPU
		{374D47D0-5FF7-4E4D-9F55-A3D91CA21B84}.Ad-Hoc|Any CPU.ActiveCfg = Ad-Hoc|iPhone
		{374D47D0-5FF7-4E4D-9F55-A3D91CA21B84}.Ad-Hoc|iPhone.ActiveCfg = Ad-Hoc|iPhone
		{374D47D0-5FF7-4E4D-9F55-A3D91CA21B84}.Ad-Hoc|iPhone.Build.0 = Ad-Hoc|iPhone
		{374D47D0-5FF7-4E4D-9F55-A3D91CA21B84}.Ad-Hoc|iPhoneSimulator.ActiveCfg = Ad-Hoc|iPhoneSimulator
		{374D47D0-5FF7-4E4D-9F55-A3D91CA21B84}.Ad-Hoc|iPhoneSimulator.Build.0 = Ad-Hoc|iPhoneSimulator
		{374D47D0-5FF7-4E4D-9F55-A3D91CA21B84}.AppStore|Any CPU.ActiveCfg = AppStore|iPhone
		{374D47D0-5FF7-4E4D-9F55-A3D91CA21B84}.AppStore|iPhone.ActiveCfg = AppStore|iPhone
		{374D47D0-5FF7-4E4D-9F55-A3D91CA21B84}.AppStore|iPhone.Build.0 = AppStore|iPhone
		{374D47D0-5FF7-4E4D-9F55-A3D91CA21B84}.AppStore|iPhoneSimulator.ActiveCfg = AppStore|iPhoneSimulator
		{374D47D0-5FF7-4E4D-9F55-A3D91CA21B84}.AppStore|iPhoneSimulator.Build.0 = AppStore|iPhoneSimulator
		{374D47D0-5FF7-4E4D-9F55-A3D91CA21B84}.Debug|Any CPU.ActiveCfg = Debug|iPhone
		{374D47D0-5FF7-4E4D-9F55-A3D91CA21B84}.Debug|iPhone.ActiveCfg = Debug|iPhone
		{374D47D0-5FF7-4E4D-9F55-A3D91CA21B84}.Debug|iPhone.Build.0 = Debug|iPhone
		{374D47D0-5FF7-4E4D-9F55-A3D91CA21B84}.Debug|iPhoneSimulator.ActiveCfg = Debug|iPhoneSimulator
		{374D47D0-5FF7-4E4D-9F55-A3D91CA21B84}.Debug|iPhoneSimulator.Build.0 = Debug|iPhoneSimulator
		{374D47D0-5FF7-4E4D-9F55-A3D91CA21B84}.Release|Any CPU.ActiveCfg = Release|iPhone
		{374D47D0-5FF7-4E4D-9F55-A3D91CA21B84}.Release|iPhone.ActiveCfg = Release|iPhone
		{374D47D0-5FF7-4E4D-9F55-A3D91CA21B84}.Release|iPhone.Build.0 = Release|iPhone
		{374D47D0-5FF7-4E4D-9F55-A3D91CA21B84}.Release|iPhoneSimulator.ActiveCfg = Release|iPhoneSimulator
		{374D47D0-5FF7-4E4D-9F55-A3D91CA21B84}.Release|iPhoneSimulator.Build.0 = Release|iPhoneSimulator
	EndGlobalSection
	GlobalSection(SolutionProperties) = preSolution
		HideSolutionNode = FALSE
	EndGlobalSection
	GlobalSection(NestedProjects) = preSolution
		{C47B534E-3CA9-42F5-B75F-95A16D7033A5} = {A0410270-ED52-49D1-A81F-D47E437E1F2F}
		{BDDCF7D6-530A-454D-80BB-56EC3701B467} = {A0410270-ED52-49D1-A81F-D47E437E1F2F}
		{980E97C2-007F-4103-9CEB-E48879609278} = {BDDCF7D6-530A-454D-80BB-56EC3701B467}
		{DE9BA0E0-5DA1-4359-88DD-2577E3EFAF93} = {BDDCF7D6-530A-454D-80BB-56EC3701B467}
		{E71F3053-056C-4381-9638-048ED73BDFF6} = {BDDCF7D6-530A-454D-80BB-56EC3701B467}
		{CDEE8B42-6CB5-4062-B1EB-1BA27FAA6AB7} = {1C3989BA-6377-4E83-B9A4-9F202C727D41}
		{9B3F144F-575E-43B7-AE44-ECAF54D8C102} = {1C3989BA-6377-4E83-B9A4-9F202C727D41}
		{374D47D0-5FF7-4E4D-9F55-A3D91CA21B84} = {1C3989BA-6377-4E83-B9A4-9F202C727D41}
	EndGlobalSection
	GlobalSection(ExtensibilityGlobals) = postSolution
		SolutionGuid = {418B0EE5-0D92-4ABE-AAAE-680B343BC5F1}
	EndGlobalSection
EndGlobal
