Microsoft Visual Studio Solution File, Format Version 12.00
# Visual Studio 15
VisualStudioVersion = 15.0.27703.2042
MinimumVisualStudioVersion = 10.0.40219.1
Project("{9A19103F-16F7-4668-BE54-9A1E7A4F7556}") = "Naylah.Core", "Naylah.Core\Naylah.Core.csproj", "{8050C408-0141-4B60-B393-981FBF8BFE85}"
EndProject
Project("{FAE04EC0-301F-11D3-BF4B-00C04F79EFBC}") = "Naylah.ConsolePlayground", "..\..\play\Naylah.ConsolePlayground\Naylah.ConsolePlayground.csproj", "{4E47FA5C-49FC-48BC-91B3-5CCF7CC35B23}"
EndProject
Global
	GlobalSection(SolutionConfigurationPlatforms) = preSolution
		Debug|Any CPU = Debug|Any CPU
		Release|Any CPU = Release|Any CPU
	EndGlobalSection
	GlobalSection(ProjectConfigurationPlatforms) = postSolution
		{8050C408-0141-4B60-B393-981FBF8BFE85}.Debug|Any CPU.ActiveCfg = Debug|Any CPU
		{8050C408-0141-4B60-B393-981FBF8BFE85}.Debug|Any CPU.Build.0 = Debug|Any CPU
		{8050C408-0141-4B60-B393-981FBF8BFE85}.Release|Any CPU.ActiveCfg = Release|Any CPU
		{8050C408-0141-4B60-B393-981FBF8BFE85}.Release|Any CPU.Build.0 = Release|Any CPU
		{4E47FA5C-49FC-48BC-91B3-5CCF7CC35B23}.Debug|Any CPU.ActiveCfg = Debug|Any CPU
		{4E47FA5C-49FC-48BC-91B3-5CCF7CC35B23}.Debug|Any CPU.Build.0 = Debug|Any CPU
		{4E47FA5C-49FC-48BC-91B3-5CCF7CC35B23}.Release|Any CPU.ActiveCfg = Release|Any CPU
		{4E47FA5C-49FC-48BC-91B3-5CCF7CC35B23}.Release|Any CPU.Build.0 = Release|Any CPU
	EndGlobalSection
	GlobalSection(SolutionProperties) = preSolution
		HideSolutionNode = FALSE
	EndGlobalSection
	GlobalSection(ExtensibilityGlobals) = postSolution
		SolutionGuid = {F2EA73A1-B519-453C-9221-7885C48EEB35}
	EndGlobalSection
EndGlobal
