Microsoft Visual Studio Solution File, Format Version 12.00
# Visual Studio Version 17
VisualStudioVersion = 17.0.31521.260
MinimumVisualStudioVersion = 10.0.40219.1
Project("{9A19103F-16F7-4668-BE54-9A1E7A4F7556}") = "Naylah.Core", "Naylah.Core\Naylah.Core.csproj", "{8050C408-0141-4B60-B393-981FBF8BFE85}"
EndProject
Project("{9A19103F-16F7-4668-BE54-9A1E7A4F7556}") = "Naylah.Data.Providers", "..\Data\Naylah.Data.Providers\Naylah.Data.Providers.csproj", "{E56B31A4-9B27-42B2-BD05-78F1E9A72158}"
EndProject
Project("{9A19103F-16F7-4668-BE54-9A1E7A4F7556}") = "Naylah.AspNetCore", "..\Web\Naylah.AspNetCore\Naylah.AspNetCore.csproj", "{4C951CA5-F33C-48B4-9244-EA356394A263}"
EndProject
Project("{2150E333-8FDC-42A3-9474-1A3956D46DE8}") = "0", "0", "{1DC5CCAB-A4D8-4ACE-AE46-88C07F771DBF}"
EndProject
Project("{2150E333-8FDC-42A3-9474-1A3956D46DE8}") = "play", "play", "{DBB42AE1-8FD8-4B69-9510-27F1CE3B86A1}"
EndProject
Project("{9A19103F-16F7-4668-BE54-9A1E7A4F7556}") = "Naylah.ConsoleAspNetCore", "..\..\play\Naylah.ConsoleAspNetCore\Naylah.ConsoleAspNetCore.csproj", "{D73AE022-A7F6-482D-90AD-A8567C367AC9}"
EndProject
Project("{2150E333-8FDC-42A3-9474-1A3956D46DE8}") = "shrd", "shrd", "{D86B30C2-5286-46DE-BBEE-1061C05332D1}"
EndProject
Project("{9A19103F-16F7-4668-BE54-9A1E7A4F7556}") = "Naylah.ConsoleAspNetCore3", "..\..\play\Naylah.ConsoleAspNetCore3\Naylah.ConsoleAspNetCore3.csproj", "{544B04DE-6210-4B32-9648-DCC0855152F5}"
EndProject
Project("{2150E333-8FDC-42A3-9474-1A3956D46DE8}") = "2", "2", "{B338C3C8-F3C8-4293-B836-BC9685E31A86}"
EndProject
Project("{2150E333-8FDC-42A3-9474-1A3956D46DE8}") = "1", "1", "{C9100AA9-2F6A-4905-A7DB-4246BB48BED5}"
EndProject
Project("{9A19103F-16F7-4668-BE54-9A1E7A4F7556}") = "Naylah.Rest", "..\Rest\Naylah.Rest\Naylah.Rest.csproj", "{D998405A-FC44-4867-A4A5-67CCC245AD2E}"
EndProject
Project("{9A19103F-16F7-4668-BE54-9A1E7A4F7556}") = "Naylah.ConsoleAspNetCore6", "..\..\play\Naylah.ConsoleAspNetCore6\Naylah.ConsoleAspNetCore6.csproj", "{764C4D8C-2129-45CE-8AFB-BCFD7C11BCF8}"
EndProject
Project("{2150E333-8FDC-42A3-9474-1A3956D46DE8}") = "3", "3", "{A98B0003-7EE6-4BCF-9058-34E5CC7FAA58}"
EndProject
Project("{9A19103F-16F7-4668-BE54-9A1E7A4F7556}") = "Naylah.AspNetCore.Tests", "..\..\tests\Naylah.AspNetCore.Tests\Naylah.AspNetCore.Tests.csproj", "{BA2ACCC0-2A20-40A5-9723-56B48FAA7756}"
EndProject
Project("{9A19103F-16F7-4668-BE54-9A1E7A4F7556}") = "Naylah.ConsolePlayground3", "..\..\play\Naylah.ConsolePlayground3\Naylah.ConsolePlayground3.csproj", "{1E66C67C-0080-4200-84A8-6E9457C128F1}"
EndProject
Global
	GlobalSection(SolutionConfigurationPlatforms) = preSolution
		Debug|Any CPU = Debug|Any CPU
		Release|Any CPU = Release|Any CPU
	EndGlobalSection
	GlobalSection(ProjectConfigurationPlatforms) = postSolution
		{8050C408-0141-4B60-B393-981FBF8BFE85}.Debug|Any CPU.ActiveCfg = Debug|Any CPU
		{8050C408-0141-4B60-B393-981FBF8BFE85}.Debug|Any CPU.Build.0 = Debug|Any CPU
		{8050C408-0141-4B60-B393-981FBF8BFE85}.Release|Any CPU.ActiveCfg = Release|Any CPU
		{8050C408-0141-4B60-B393-981FBF8BFE85}.Release|Any CPU.Build.0 = Release|Any CPU
		{E56B31A4-9B27-42B2-BD05-78F1E9A72158}.Debug|Any CPU.ActiveCfg = Debug|Any CPU
		{E56B31A4-9B27-42B2-BD05-78F1E9A72158}.Debug|Any CPU.Build.0 = Debug|Any CPU
		{E56B31A4-9B27-42B2-BD05-78F1E9A72158}.Release|Any CPU.ActiveCfg = Release|Any CPU
		{E56B31A4-9B27-42B2-BD05-78F1E9A72158}.Release|Any CPU.Build.0 = Release|Any CPU
		{4C951CA5-F33C-48B4-9244-EA356394A263}.Debug|Any CPU.ActiveCfg = Debug|Any CPU
		{4C951CA5-F33C-48B4-9244-EA356394A263}.Debug|Any CPU.Build.0 = Debug|Any CPU
		{4C951CA5-F33C-48B4-9244-EA356394A263}.Release|Any CPU.ActiveCfg = Release|Any CPU
		{4C951CA5-F33C-48B4-9244-EA356394A263}.Release|Any CPU.Build.0 = Release|Any CPU
		{D73AE022-A7F6-482D-90AD-A8567C367AC9}.Debug|Any CPU.ActiveCfg = Debug|Any CPU
		{D73AE022-A7F6-482D-90AD-A8567C367AC9}.Debug|Any CPU.Build.0 = Debug|Any CPU
		{D73AE022-A7F6-482D-90AD-A8567C367AC9}.Release|Any CPU.ActiveCfg = Release|Any CPU
		{D73AE022-A7F6-482D-90AD-A8567C367AC9}.Release|Any CPU.Build.0 = Release|Any CPU
		{544B04DE-6210-4B32-9648-DCC0855152F5}.Debug|Any CPU.ActiveCfg = Debug|Any CPU
		{544B04DE-6210-4B32-9648-DCC0855152F5}.Debug|Any CPU.Build.0 = Debug|Any CPU
		{544B04DE-6210-4B32-9648-DCC0855152F5}.Release|Any CPU.ActiveCfg = Release|Any CPU
		{544B04DE-6210-4B32-9648-DCC0855152F5}.Release|Any CPU.Build.0 = Release|Any CPU
		{D998405A-FC44-4867-A4A5-67CCC245AD2E}.Debug|Any CPU.ActiveCfg = Debug|Any CPU
		{D998405A-FC44-4867-A4A5-67CCC245AD2E}.Debug|Any CPU.Build.0 = Debug|Any CPU
		{D998405A-FC44-4867-A4A5-67CCC245AD2E}.Release|Any CPU.ActiveCfg = Release|Any CPU
		{D998405A-FC44-4867-A4A5-67CCC245AD2E}.Release|Any CPU.Build.0 = Release|Any CPU
		{764C4D8C-2129-45CE-8AFB-BCFD7C11BCF8}.Debug|Any CPU.ActiveCfg = Debug|Any CPU
		{764C4D8C-2129-45CE-8AFB-BCFD7C11BCF8}.Debug|Any CPU.Build.0 = Debug|Any CPU
		{764C4D8C-2129-45CE-8AFB-BCFD7C11BCF8}.Release|Any CPU.ActiveCfg = Release|Any CPU
		{764C4D8C-2129-45CE-8AFB-BCFD7C11BCF8}.Release|Any CPU.Build.0 = Release|Any CPU
		{BA2ACCC0-2A20-40A5-9723-56B48FAA7756}.Debug|Any CPU.ActiveCfg = Debug|Any CPU
		{BA2ACCC0-2A20-40A5-9723-56B48FAA7756}.Debug|Any CPU.Build.0 = Debug|Any CPU
		{BA2ACCC0-2A20-40A5-9723-56B48FAA7756}.Release|Any CPU.ActiveCfg = Release|Any CPU
		{BA2ACCC0-2A20-40A5-9723-56B48FAA7756}.Release|Any CPU.Build.0 = Release|Any CPU
		{1E66C67C-0080-4200-84A8-6E9457C128F1}.Debug|Any CPU.ActiveCfg = Debug|Any CPU
		{1E66C67C-0080-4200-84A8-6E9457C128F1}.Debug|Any CPU.Build.0 = Debug|Any CPU
		{1E66C67C-0080-4200-84A8-6E9457C128F1}.Release|Any CPU.ActiveCfg = Release|Any CPU
		{1E66C67C-0080-4200-84A8-6E9457C128F1}.Release|Any CPU.Build.0 = Release|Any CPU
	EndGlobalSection
	GlobalSection(SolutionProperties) = preSolution
		HideSolutionNode = FALSE
	EndGlobalSection
	GlobalSection(NestedProjects) = preSolution
		{8050C408-0141-4B60-B393-981FBF8BFE85} = {1DC5CCAB-A4D8-4ACE-AE46-88C07F771DBF}
		{E56B31A4-9B27-42B2-BD05-78F1E9A72158} = {B338C3C8-F3C8-4293-B836-BC9685E31A86}
		{4C951CA5-F33C-48B4-9244-EA356394A263} = {B338C3C8-F3C8-4293-B836-BC9685E31A86}
		{D73AE022-A7F6-482D-90AD-A8567C367AC9} = {DBB42AE1-8FD8-4B69-9510-27F1CE3B86A1}
		{D86B30C2-5286-46DE-BBEE-1061C05332D1} = {DBB42AE1-8FD8-4B69-9510-27F1CE3B86A1}
		{544B04DE-6210-4B32-9648-DCC0855152F5} = {DBB42AE1-8FD8-4B69-9510-27F1CE3B86A1}
		{D998405A-FC44-4867-A4A5-67CCC245AD2E} = {C9100AA9-2F6A-4905-A7DB-4246BB48BED5}
		{764C4D8C-2129-45CE-8AFB-BCFD7C11BCF8} = {DBB42AE1-8FD8-4B69-9510-27F1CE3B86A1}
		{BA2ACCC0-2A20-40A5-9723-56B48FAA7756} = {A98B0003-7EE6-4BCF-9058-34E5CC7FAA58}
		{1E66C67C-0080-4200-84A8-6E9457C128F1} = {DBB42AE1-8FD8-4B69-9510-27F1CE3B86A1}
	EndGlobalSection
	GlobalSection(ExtensibilityGlobals) = postSolution
		SolutionGuid = {F2EA73A1-B519-453C-9221-7885C48EEB35}
	EndGlobalSection
EndGlobal
