
Microsoft Visual Studio Solution File, Format Version 12.00
# Visual Studio 15
VisualStudioVersion = 15.0.27428.2011
MinimumVisualStudioVersion = 10.0.40219.1
Project("{2150E333-8FDC-42A3-9474-1A3956D46DE8}") = "1 - Docs", "1 - Docs", "{5C31237A-4217-4129-9B3F-7554BD19232C}"
EndProject
Project("{2150E333-8FDC-42A3-9474-1A3956D46DE8}") = "2 - Libs", "2 - Libs", "{C181D8A0-23C4-47F9-8387-D561F22F7505}"
EndProject
Project("{9A19103F-16F7-4668-BE54-9A1E7A4F7556}") = "Naylah.Core", "Naylah.Core\Naylah.Core.csproj", "{F262FE40-8852-4508-B079-40F5FB1F3FFA}"
EndProject
Project("{2150E333-8FDC-42A3-9474-1A3956D46DE8}") = "1 - Core", "1 - Core", "{3CC7387E-39D4-4AE4-A2F4-B9CFF1905C9D}"
EndProject
Project("{9A19103F-16F7-4668-BE54-9A1E7A4F7556}") = "Naylah.App", "Naylah.App\Naylah.App.csproj", "{034C6837-8858-45D0-A0FE-A637BB1B8CC7}"
EndProject
Project("{2150E333-8FDC-42A3-9474-1A3956D46DE8}") = "2 - App", "2 - App", "{8F1D49BF-7AD2-43E4-8C5C-02F290D80480}"
EndProject
Project("{2150E333-8FDC-42A3-9474-1A3956D46DE8}") = "Playgrounds", "Playgrounds", "{24DDA82B-EECA-44BC-9EC5-C0DF47119D5C}"
EndProject
Project("{FAE04EC0-301F-11D3-BF4B-00C04F79EFBC}") = "Naylah.ConsolePlayground", "Naylah.ConsolePlayground\Naylah.ConsolePlayground.csproj", "{4E47FA5C-49FC-48BC-91B3-5CCF7CC35B23}"
EndProject
Project("{9A19103F-16F7-4668-BE54-9A1E7A4F7556}") = "Naylah.App.Xamarin", "Naylah.App.Xamarin\Naylah.App.Xamarin.csproj", "{AB24C6BC-9568-44C8-830F-B2B18F23E459}"
EndProject
Project("{FAE04EC0-301F-11D3-BF4B-00C04F79EFBC}") = "Naylah.XamarinPlayground.Android", "Naylah.XamarinPlayground\Naylah.XamarinPlayground.Android\Naylah.XamarinPlayground.Android.csproj", "{9B3F144F-575E-43B7-AE44-ECAF54D8C102}"
EndProject
Project("{FAE04EC0-301F-11D3-BF4B-00C04F79EFBC}") = "Naylah.XamarinPlayground.iOS", "Naylah.XamarinPlayground\Naylah.XamarinPlayground.iOS\Naylah.XamarinPlayground.iOS.csproj", "{374D47D0-5FF7-4E4D-9F55-A3D91CA21B84}"
EndProject
Project("{FAE04EC0-301F-11D3-BF4B-00C04F79EFBC}") = "Naylah.XamarinPlayground.UWP", "Naylah.XamarinPlayground\Naylah.XamarinPlayground.UWP\Naylah.XamarinPlayground.UWP.csproj", "{222470C1-EC35-4258-AC07-B0A20C50EF68}"
EndProject
Project("{9A19103F-16F7-4668-BE54-9A1E7A4F7556}") = "Naylah.XamarinPlayground", "Naylah.XamarinPlayground\Naylah.XamarinPlayground\Naylah.XamarinPlayground.csproj", "{C9E0685D-FCF2-4F52-90CF-D81C74E6CDA6}"
EndProject
Project("{2150E333-8FDC-42A3-9474-1A3956D46DE8}") = "Console", "Console", "{0973CCE8-6136-4631-9AD1-4EB85429CF07}"
EndProject
Project("{2150E333-8FDC-42A3-9474-1A3956D46DE8}") = "Xamarin", "Xamarin", "{01769493-CBC4-4BEF-94A0-02AA2A12A390}"
EndProject
Project("{2150E333-8FDC-42A3-9474-1A3956D46DE8}") = "Xamarin", "Xamarin", "{0A9502B8-CC90-4098-B358-4FC7301A31FF}"
EndProject
Project("{FAE04EC0-301F-11D3-BF4B-00C04F79EFBC}") = "Naylah.App.Xamarin.Android", "Naylah.App.Xamarin.Android\Naylah.App.Xamarin.Android.csproj", "{DE9BA0E0-5DA1-4359-88DD-2577E3EFAF93}"
EndProject
Project("{FAE04EC0-301F-11D3-BF4B-00C04F79EFBC}") = "Naylah.App.Xamarin.iOS", "Naylah.App.Xamarin.iOS\Naylah.App.Xamarin.iOS.csproj", "{E71F3053-056C-4381-9638-048ED73BDFF6}"
EndProject
Global
	GlobalSection(SolutionConfigurationPlatforms) = preSolution
		Ad-Hoc|Any CPU = Ad-Hoc|Any CPU
		Ad-Hoc|ARM = Ad-Hoc|ARM
		Ad-Hoc|iPhone = Ad-Hoc|iPhone
		Ad-Hoc|iPhoneSimulator = Ad-Hoc|iPhoneSimulator
		Ad-Hoc|x64 = Ad-Hoc|x64
		Ad-Hoc|x86 = Ad-Hoc|x86
		AppStore|Any CPU = AppStore|Any CPU
		AppStore|ARM = AppStore|ARM
		AppStore|iPhone = AppStore|iPhone
		AppStore|iPhoneSimulator = AppStore|iPhoneSimulator
		AppStore|x64 = AppStore|x64
		AppStore|x86 = AppStore|x86
		Debug|Any CPU = Debug|Any CPU
		Debug|ARM = Debug|ARM
		Debug|iPhone = Debug|iPhone
		Debug|iPhoneSimulator = Debug|iPhoneSimulator
		Debug|x64 = Debug|x64
		Debug|x86 = Debug|x86
		Release|Any CPU = Release|Any CPU
		Release|ARM = Release|ARM
		Release|iPhone = Release|iPhone
		Release|iPhoneSimulator = Release|iPhoneSimulator
		Release|x64 = Release|x64
		Release|x86 = Release|x86
	EndGlobalSection
	GlobalSection(ProjectConfigurationPlatforms) = postSolution
		{F262FE40-8852-4508-B079-40F5FB1F3FFA}.Ad-Hoc|Any CPU.ActiveCfg = Release|Any CPU
		{F262FE40-8852-4508-B079-40F5FB1F3FFA}.Ad-Hoc|Any CPU.Build.0 = Release|Any CPU
		{F262FE40-8852-4508-B079-40F5FB1F3FFA}.Ad-Hoc|ARM.ActiveCfg = Release|Any CPU
		{F262FE40-8852-4508-B079-40F5FB1F3FFA}.Ad-Hoc|ARM.Build.0 = Release|Any CPU
		{F262FE40-8852-4508-B079-40F5FB1F3FFA}.Ad-Hoc|iPhone.ActiveCfg = Release|Any CPU
		{F262FE40-8852-4508-B079-40F5FB1F3FFA}.Ad-Hoc|iPhone.Build.0 = Release|Any CPU
		{F262FE40-8852-4508-B079-40F5FB1F3FFA}.Ad-Hoc|iPhoneSimulator.ActiveCfg = Release|Any CPU
		{F262FE40-8852-4508-B079-40F5FB1F3FFA}.Ad-Hoc|iPhoneSimulator.Build.0 = Release|Any CPU
		{F262FE40-8852-4508-B079-40F5FB1F3FFA}.Ad-Hoc|x64.ActiveCfg = Release|Any CPU
		{F262FE40-8852-4508-B079-40F5FB1F3FFA}.Ad-Hoc|x64.Build.0 = Release|Any CPU
		{F262FE40-8852-4508-B079-40F5FB1F3FFA}.Ad-Hoc|x86.ActiveCfg = Release|Any CPU
		{F262FE40-8852-4508-B079-40F5FB1F3FFA}.Ad-Hoc|x86.Build.0 = Release|Any CPU
		{F262FE40-8852-4508-B079-40F5FB1F3FFA}.AppStore|Any CPU.ActiveCfg = Release|Any CPU
		{F262FE40-8852-4508-B079-40F5FB1F3FFA}.AppStore|Any CPU.Build.0 = Release|Any CPU
		{F262FE40-8852-4508-B079-40F5FB1F3FFA}.AppStore|ARM.ActiveCfg = Release|Any CPU
		{F262FE40-8852-4508-B079-40F5FB1F3FFA}.AppStore|ARM.Build.0 = Release|Any CPU
		{F262FE40-8852-4508-B079-40F5FB1F3FFA}.AppStore|iPhone.ActiveCfg = Release|Any CPU
		{F262FE40-8852-4508-B079-40F5FB1F3FFA}.AppStore|iPhone.Build.0 = Release|Any CPU
		{F262FE40-8852-4508-B079-40F5FB1F3FFA}.AppStore|iPhoneSimulator.ActiveCfg = Release|Any CPU
		{F262FE40-8852-4508-B079-40F5FB1F3FFA}.AppStore|iPhoneSimulator.Build.0 = Release|Any CPU
		{F262FE40-8852-4508-B079-40F5FB1F3FFA}.AppStore|x64.ActiveCfg = Release|Any CPU
		{F262FE40-8852-4508-B079-40F5FB1F3FFA}.AppStore|x64.Build.0 = Release|Any CPU
		{F262FE40-8852-4508-B079-40F5FB1F3FFA}.AppStore|x86.ActiveCfg = Release|Any CPU
		{F262FE40-8852-4508-B079-40F5FB1F3FFA}.AppStore|x86.Build.0 = Release|Any CPU
		{F262FE40-8852-4508-B079-40F5FB1F3FFA}.Debug|Any CPU.ActiveCfg = Debug|Any CPU
		{F262FE40-8852-4508-B079-40F5FB1F3FFA}.Debug|Any CPU.Build.0 = Debug|Any CPU
		{F262FE40-8852-4508-B079-40F5FB1F3FFA}.Debug|ARM.ActiveCfg = Debug|Any CPU
		{F262FE40-8852-4508-B079-40F5FB1F3FFA}.Debug|ARM.Build.0 = Debug|Any CPU
		{F262FE40-8852-4508-B079-40F5FB1F3FFA}.Debug|iPhone.ActiveCfg = Debug|Any CPU
		{F262FE40-8852-4508-B079-40F5FB1F3FFA}.Debug|iPhone.Build.0 = Debug|Any CPU
		{F262FE40-8852-4508-B079-40F5FB1F3FFA}.Debug|iPhoneSimulator.ActiveCfg = Debug|Any CPU
		{F262FE40-8852-4508-B079-40F5FB1F3FFA}.Debug|iPhoneSimulator.Build.0 = Debug|Any CPU
		{F262FE40-8852-4508-B079-40F5FB1F3FFA}.Debug|x64.ActiveCfg = Debug|Any CPU
		{F262FE40-8852-4508-B079-40F5FB1F3FFA}.Debug|x64.Build.0 = Debug|Any CPU
		{F262FE40-8852-4508-B079-40F5FB1F3FFA}.Debug|x86.ActiveCfg = Debug|Any CPU
		{F262FE40-8852-4508-B079-40F5FB1F3FFA}.Debug|x86.Build.0 = Debug|Any CPU
		{F262FE40-8852-4508-B079-40F5FB1F3FFA}.Release|Any CPU.ActiveCfg = Release|Any CPU
		{F262FE40-8852-4508-B079-40F5FB1F3FFA}.Release|Any CPU.Build.0 = Release|Any CPU
		{F262FE40-8852-4508-B079-40F5FB1F3FFA}.Release|ARM.ActiveCfg = Release|Any CPU
		{F262FE40-8852-4508-B079-40F5FB1F3FFA}.Release|ARM.Build.0 = Release|Any CPU
		{F262FE40-8852-4508-B079-40F5FB1F3FFA}.Release|iPhone.ActiveCfg = Release|Any CPU
		{F262FE40-8852-4508-B079-40F5FB1F3FFA}.Release|iPhone.Build.0 = Release|Any CPU
		{F262FE40-8852-4508-B079-40F5FB1F3FFA}.Release|iPhoneSimulator.ActiveCfg = Release|Any CPU
		{F262FE40-8852-4508-B079-40F5FB1F3FFA}.Release|iPhoneSimulator.Build.0 = Release|Any CPU
		{F262FE40-8852-4508-B079-40F5FB1F3FFA}.Release|x64.ActiveCfg = Release|Any CPU
		{F262FE40-8852-4508-B079-40F5FB1F3FFA}.Release|x64.Build.0 = Release|Any CPU
		{F262FE40-8852-4508-B079-40F5FB1F3FFA}.Release|x86.ActiveCfg = Release|Any CPU
		{F262FE40-8852-4508-B079-40F5FB1F3FFA}.Release|x86.Build.0 = Release|Any CPU
		{034C6837-8858-45D0-A0FE-A637BB1B8CC7}.Ad-Hoc|Any CPU.ActiveCfg = Release|Any CPU
		{034C6837-8858-45D0-A0FE-A637BB1B8CC7}.Ad-Hoc|Any CPU.Build.0 = Release|Any CPU
		{034C6837-8858-45D0-A0FE-A637BB1B8CC7}.Ad-Hoc|ARM.ActiveCfg = Release|Any CPU
		{034C6837-8858-45D0-A0FE-A637BB1B8CC7}.Ad-Hoc|ARM.Build.0 = Release|Any CPU
		{034C6837-8858-45D0-A0FE-A637BB1B8CC7}.Ad-Hoc|iPhone.ActiveCfg = Release|Any CPU
		{034C6837-8858-45D0-A0FE-A637BB1B8CC7}.Ad-Hoc|iPhone.Build.0 = Release|Any CPU
		{034C6837-8858-45D0-A0FE-A637BB1B8CC7}.Ad-Hoc|iPhoneSimulator.ActiveCfg = Release|Any CPU
		{034C6837-8858-45D0-A0FE-A637BB1B8CC7}.Ad-Hoc|iPhoneSimulator.Build.0 = Release|Any CPU
		{034C6837-8858-45D0-A0FE-A637BB1B8CC7}.Ad-Hoc|x64.ActiveCfg = Release|Any CPU
		{034C6837-8858-45D0-A0FE-A637BB1B8CC7}.Ad-Hoc|x64.Build.0 = Release|Any CPU
		{034C6837-8858-45D0-A0FE-A637BB1B8CC7}.Ad-Hoc|x86.ActiveCfg = Release|Any CPU
		{034C6837-8858-45D0-A0FE-A637BB1B8CC7}.Ad-Hoc|x86.Build.0 = Release|Any CPU
		{034C6837-8858-45D0-A0FE-A637BB1B8CC7}.AppStore|Any CPU.ActiveCfg = Release|Any CPU
		{034C6837-8858-45D0-A0FE-A637BB1B8CC7}.AppStore|Any CPU.Build.0 = Release|Any CPU
		{034C6837-8858-45D0-A0FE-A637BB1B8CC7}.AppStore|ARM.ActiveCfg = Release|Any CPU
		{034C6837-8858-45D0-A0FE-A637BB1B8CC7}.AppStore|ARM.Build.0 = Release|Any CPU
		{034C6837-8858-45D0-A0FE-A637BB1B8CC7}.AppStore|iPhone.ActiveCfg = Release|Any CPU
		{034C6837-8858-45D0-A0FE-A637BB1B8CC7}.AppStore|iPhone.Build.0 = Release|Any CPU
		{034C6837-8858-45D0-A0FE-A637BB1B8CC7}.AppStore|iPhoneSimulator.ActiveCfg = Release|Any CPU
		{034C6837-8858-45D0-A0FE-A637BB1B8CC7}.AppStore|iPhoneSimulator.Build.0 = Release|Any CPU
		{034C6837-8858-45D0-A0FE-A637BB1B8CC7}.AppStore|x64.ActiveCfg = Release|Any CPU
		{034C6837-8858-45D0-A0FE-A637BB1B8CC7}.AppStore|x64.Build.0 = Release|Any CPU
		{034C6837-8858-45D0-A0FE-A637BB1B8CC7}.AppStore|x86.ActiveCfg = Release|Any CPU
		{034C6837-8858-45D0-A0FE-A637BB1B8CC7}.AppStore|x86.Build.0 = Release|Any CPU
		{034C6837-8858-45D0-A0FE-A637BB1B8CC7}.Debug|Any CPU.ActiveCfg = Debug|Any CPU
		{034C6837-8858-45D0-A0FE-A637BB1B8CC7}.Debug|Any CPU.Build.0 = Debug|Any CPU
		{034C6837-8858-45D0-A0FE-A637BB1B8CC7}.Debug|ARM.ActiveCfg = Debug|Any CPU
		{034C6837-8858-45D0-A0FE-A637BB1B8CC7}.Debug|ARM.Build.0 = Debug|Any CPU
		{034C6837-8858-45D0-A0FE-A637BB1B8CC7}.Debug|iPhone.ActiveCfg = Debug|Any CPU
		{034C6837-8858-45D0-A0FE-A637BB1B8CC7}.Debug|iPhone.Build.0 = Debug|Any CPU
		{034C6837-8858-45D0-A0FE-A637BB1B8CC7}.Debug|iPhoneSimulator.ActiveCfg = Debug|Any CPU
		{034C6837-8858-45D0-A0FE-A637BB1B8CC7}.Debug|iPhoneSimulator.Build.0 = Debug|Any CPU
		{034C6837-8858-45D0-A0FE-A637BB1B8CC7}.Debug|x64.ActiveCfg = Debug|Any CPU
		{034C6837-8858-45D0-A0FE-A637BB1B8CC7}.Debug|x64.Build.0 = Debug|Any CPU
		{034C6837-8858-45D0-A0FE-A637BB1B8CC7}.Debug|x86.ActiveCfg = Debug|Any CPU
		{034C6837-8858-45D0-A0FE-A637BB1B8CC7}.Debug|x86.Build.0 = Debug|Any CPU
		{034C6837-8858-45D0-A0FE-A637BB1B8CC7}.Release|Any CPU.ActiveCfg = Release|Any CPU
		{034C6837-8858-45D0-A0FE-A637BB1B8CC7}.Release|Any CPU.Build.0 = Release|Any CPU
		{034C6837-8858-45D0-A0FE-A637BB1B8CC7}.Release|ARM.ActiveCfg = Release|Any CPU
		{034C6837-8858-45D0-A0FE-A637BB1B8CC7}.Release|ARM.Build.0 = Release|Any CPU
		{034C6837-8858-45D0-A0FE-A637BB1B8CC7}.Release|iPhone.ActiveCfg = Release|Any CPU
		{034C6837-8858-45D0-A0FE-A637BB1B8CC7}.Release|iPhone.Build.0 = Release|Any CPU
		{034C6837-8858-45D0-A0FE-A637BB1B8CC7}.Release|iPhoneSimulator.ActiveCfg = Release|Any CPU
		{034C6837-8858-45D0-A0FE-A637BB1B8CC7}.Release|iPhoneSimulator.Build.0 = Release|Any CPU
		{034C6837-8858-45D0-A0FE-A637BB1B8CC7}.Release|x64.ActiveCfg = Release|Any CPU
		{034C6837-8858-45D0-A0FE-A637BB1B8CC7}.Release|x64.Build.0 = Release|Any CPU
		{034C6837-8858-45D0-A0FE-A637BB1B8CC7}.Release|x86.ActiveCfg = Release|Any CPU
		{034C6837-8858-45D0-A0FE-A637BB1B8CC7}.Release|x86.Build.0 = Release|Any CPU
		{4E47FA5C-49FC-48BC-91B3-5CCF7CC35B23}.Ad-Hoc|Any CPU.ActiveCfg = Release|Any CPU
		{4E47FA5C-49FC-48BC-91B3-5CCF7CC35B23}.Ad-Hoc|Any CPU.Build.0 = Release|Any CPU
		{4E47FA5C-49FC-48BC-91B3-5CCF7CC35B23}.Ad-Hoc|ARM.ActiveCfg = Release|Any CPU
		{4E47FA5C-49FC-48BC-91B3-5CCF7CC35B23}.Ad-Hoc|ARM.Build.0 = Release|Any CPU
		{4E47FA5C-49FC-48BC-91B3-5CCF7CC35B23}.Ad-Hoc|iPhone.ActiveCfg = Release|Any CPU
		{4E47FA5C-49FC-48BC-91B3-5CCF7CC35B23}.Ad-Hoc|iPhone.Build.0 = Release|Any CPU
		{4E47FA5C-49FC-48BC-91B3-5CCF7CC35B23}.Ad-Hoc|iPhoneSimulator.ActiveCfg = Release|Any CPU
		{4E47FA5C-49FC-48BC-91B3-5CCF7CC35B23}.Ad-Hoc|iPhoneSimulator.Build.0 = Release|Any CPU
		{4E47FA5C-49FC-48BC-91B3-5CCF7CC35B23}.Ad-Hoc|x64.ActiveCfg = Release|Any CPU
		{4E47FA5C-49FC-48BC-91B3-5CCF7CC35B23}.Ad-Hoc|x64.Build.0 = Release|Any CPU
		{4E47FA5C-49FC-48BC-91B3-5CCF7CC35B23}.Ad-Hoc|x86.ActiveCfg = Release|Any CPU
		{4E47FA5C-49FC-48BC-91B3-5CCF7CC35B23}.Ad-Hoc|x86.Build.0 = Release|Any CPU
		{4E47FA5C-49FC-48BC-91B3-5CCF7CC35B23}.AppStore|Any CPU.ActiveCfg = Release|Any CPU
		{4E47FA5C-49FC-48BC-91B3-5CCF7CC35B23}.AppStore|Any CPU.Build.0 = Release|Any CPU
		{4E47FA5C-49FC-48BC-91B3-5CCF7CC35B23}.AppStore|ARM.ActiveCfg = Release|Any CPU
		{4E47FA5C-49FC-48BC-91B3-5CCF7CC35B23}.AppStore|ARM.Build.0 = Release|Any CPU
		{4E47FA5C-49FC-48BC-91B3-5CCF7CC35B23}.AppStore|iPhone.ActiveCfg = Release|Any CPU
		{4E47FA5C-49FC-48BC-91B3-5CCF7CC35B23}.AppStore|iPhone.Build.0 = Release|Any CPU
		{4E47FA5C-49FC-48BC-91B3-5CCF7CC35B23}.AppStore|iPhoneSimulator.ActiveCfg = Release|Any CPU
		{4E47FA5C-49FC-48BC-91B3-5CCF7CC35B23}.AppStore|iPhoneSimulator.Build.0 = Release|Any CPU
		{4E47FA5C-49FC-48BC-91B3-5CCF7CC35B23}.AppStore|x64.ActiveCfg = Release|Any CPU
		{4E47FA5C-49FC-48BC-91B3-5CCF7CC35B23}.AppStore|x64.Build.0 = Release|Any CPU
		{4E47FA5C-49FC-48BC-91B3-5CCF7CC35B23}.AppStore|x86.ActiveCfg = Release|Any CPU
		{4E47FA5C-49FC-48BC-91B3-5CCF7CC35B23}.AppStore|x86.Build.0 = Release|Any CPU
		{4E47FA5C-49FC-48BC-91B3-5CCF7CC35B23}.Debug|Any CPU.ActiveCfg = Debug|Any CPU
		{4E47FA5C-49FC-48BC-91B3-5CCF7CC35B23}.Debug|Any CPU.Build.0 = Debug|Any CPU
		{4E47FA5C-49FC-48BC-91B3-5CCF7CC35B23}.Debug|ARM.ActiveCfg = Debug|Any CPU
		{4E47FA5C-49FC-48BC-91B3-5CCF7CC35B23}.Debug|ARM.Build.0 = Debug|Any CPU
		{4E47FA5C-49FC-48BC-91B3-5CCF7CC35B23}.Debug|iPhone.ActiveCfg = Debug|Any CPU
		{4E47FA5C-49FC-48BC-91B3-5CCF7CC35B23}.Debug|iPhone.Build.0 = Debug|Any CPU
		{4E47FA5C-49FC-48BC-91B3-5CCF7CC35B23}.Debug|iPhoneSimulator.ActiveCfg = Debug|Any CPU
		{4E47FA5C-49FC-48BC-91B3-5CCF7CC35B23}.Debug|iPhoneSimulator.Build.0 = Debug|Any CPU
		{4E47FA5C-49FC-48BC-91B3-5CCF7CC35B23}.Debug|x64.ActiveCfg = Debug|Any CPU
		{4E47FA5C-49FC-48BC-91B3-5CCF7CC35B23}.Debug|x64.Build.0 = Debug|Any CPU
		{4E47FA5C-49FC-48BC-91B3-5CCF7CC35B23}.Debug|x86.ActiveCfg = Debug|Any CPU
		{4E47FA5C-49FC-48BC-91B3-5CCF7CC35B23}.Debug|x86.Build.0 = Debug|Any CPU
		{4E47FA5C-49FC-48BC-91B3-5CCF7CC35B23}.Release|Any CPU.ActiveCfg = Release|Any CPU
		{4E47FA5C-49FC-48BC-91B3-5CCF7CC35B23}.Release|Any CPU.Build.0 = Release|Any CPU
		{4E47FA5C-49FC-48BC-91B3-5CCF7CC35B23}.Release|ARM.ActiveCfg = Release|Any CPU
		{4E47FA5C-49FC-48BC-91B3-5CCF7CC35B23}.Release|ARM.Build.0 = Release|Any CPU
		{4E47FA5C-49FC-48BC-91B3-5CCF7CC35B23}.Release|iPhone.ActiveCfg = Release|Any CPU
		{4E47FA5C-49FC-48BC-91B3-5CCF7CC35B23}.Release|iPhone.Build.0 = Release|Any CPU
		{4E47FA5C-49FC-48BC-91B3-5CCF7CC35B23}.Release|iPhoneSimulator.ActiveCfg = Release|Any CPU
		{4E47FA5C-49FC-48BC-91B3-5CCF7CC35B23}.Release|iPhoneSimulator.Build.0 = Release|Any CPU
		{4E47FA5C-49FC-48BC-91B3-5CCF7CC35B23}.Release|x64.ActiveCfg = Release|Any CPU
		{4E47FA5C-49FC-48BC-91B3-5CCF7CC35B23}.Release|x64.Build.0 = Release|Any CPU
		{4E47FA5C-49FC-48BC-91B3-5CCF7CC35B23}.Release|x86.ActiveCfg = Release|Any CPU
		{4E47FA5C-49FC-48BC-91B3-5CCF7CC35B23}.Release|x86.Build.0 = Release|Any CPU
		{AB24C6BC-9568-44C8-830F-B2B18F23E459}.Ad-Hoc|Any CPU.ActiveCfg = Release|Any CPU
		{AB24C6BC-9568-44C8-830F-B2B18F23E459}.Ad-Hoc|Any CPU.Build.0 = Release|Any CPU
		{AB24C6BC-9568-44C8-830F-B2B18F23E459}.Ad-Hoc|ARM.ActiveCfg = Release|Any CPU
		{AB24C6BC-9568-44C8-830F-B2B18F23E459}.Ad-Hoc|ARM.Build.0 = Release|Any CPU
		{AB24C6BC-9568-44C8-830F-B2B18F23E459}.Ad-Hoc|iPhone.ActiveCfg = Release|Any CPU
		{AB24C6BC-9568-44C8-830F-B2B18F23E459}.Ad-Hoc|iPhone.Build.0 = Release|Any CPU
		{AB24C6BC-9568-44C8-830F-B2B18F23E459}.Ad-Hoc|iPhoneSimulator.ActiveCfg = Release|Any CPU
		{AB24C6BC-9568-44C8-830F-B2B18F23E459}.Ad-Hoc|iPhoneSimulator.Build.0 = Release|Any CPU
		{AB24C6BC-9568-44C8-830F-B2B18F23E459}.Ad-Hoc|x64.ActiveCfg = Release|Any CPU
		{AB24C6BC-9568-44C8-830F-B2B18F23E459}.Ad-Hoc|x64.Build.0 = Release|Any CPU
		{AB24C6BC-9568-44C8-830F-B2B18F23E459}.Ad-Hoc|x86.ActiveCfg = Release|Any CPU
		{AB24C6BC-9568-44C8-830F-B2B18F23E459}.Ad-Hoc|x86.Build.0 = Release|Any CPU
		{AB24C6BC-9568-44C8-830F-B2B18F23E459}.AppStore|Any CPU.ActiveCfg = Release|Any CPU
		{AB24C6BC-9568-44C8-830F-B2B18F23E459}.AppStore|Any CPU.Build.0 = Release|Any CPU
		{AB24C6BC-9568-44C8-830F-B2B18F23E459}.AppStore|ARM.ActiveCfg = Release|Any CPU
		{AB24C6BC-9568-44C8-830F-B2B18F23E459}.AppStore|ARM.Build.0 = Release|Any CPU
		{AB24C6BC-9568-44C8-830F-B2B18F23E459}.AppStore|iPhone.ActiveCfg = Release|Any CPU
		{AB24C6BC-9568-44C8-830F-B2B18F23E459}.AppStore|iPhone.Build.0 = Release|Any CPU
		{AB24C6BC-9568-44C8-830F-B2B18F23E459}.AppStore|iPhoneSimulator.ActiveCfg = Release|Any CPU
		{AB24C6BC-9568-44C8-830F-B2B18F23E459}.AppStore|iPhoneSimulator.Build.0 = Release|Any CPU
		{AB24C6BC-9568-44C8-830F-B2B18F23E459}.AppStore|x64.ActiveCfg = Release|Any CPU
		{AB24C6BC-9568-44C8-830F-B2B18F23E459}.AppStore|x64.Build.0 = Release|Any CPU
		{AB24C6BC-9568-44C8-830F-B2B18F23E459}.AppStore|x86.ActiveCfg = Release|Any CPU
		{AB24C6BC-9568-44C8-830F-B2B18F23E459}.AppStore|x86.Build.0 = Release|Any CPU
		{AB24C6BC-9568-44C8-830F-B2B18F23E459}.Debug|Any CPU.ActiveCfg = Debug|Any CPU
		{AB24C6BC-9568-44C8-830F-B2B18F23E459}.Debug|Any CPU.Build.0 = Debug|Any CPU
		{AB24C6BC-9568-44C8-830F-B2B18F23E459}.Debug|ARM.ActiveCfg = Debug|Any CPU
		{AB24C6BC-9568-44C8-830F-B2B18F23E459}.Debug|ARM.Build.0 = Debug|Any CPU
		{AB24C6BC-9568-44C8-830F-B2B18F23E459}.Debug|iPhone.ActiveCfg = Debug|Any CPU
		{AB24C6BC-9568-44C8-830F-B2B18F23E459}.Debug|iPhone.Build.0 = Debug|Any CPU
		{AB24C6BC-9568-44C8-830F-B2B18F23E459}.Debug|iPhoneSimulator.ActiveCfg = Debug|Any CPU
		{AB24C6BC-9568-44C8-830F-B2B18F23E459}.Debug|iPhoneSimulator.Build.0 = Debug|Any CPU
		{AB24C6BC-9568-44C8-830F-B2B18F23E459}.Debug|x64.ActiveCfg = Debug|Any CPU
		{AB24C6BC-9568-44C8-830F-B2B18F23E459}.Debug|x64.Build.0 = Debug|Any CPU
		{AB24C6BC-9568-44C8-830F-B2B18F23E459}.Debug|x86.ActiveCfg = Debug|Any CPU
		{AB24C6BC-9568-44C8-830F-B2B18F23E459}.Debug|x86.Build.0 = Debug|Any CPU
		{AB24C6BC-9568-44C8-830F-B2B18F23E459}.Release|Any CPU.ActiveCfg = Release|Any CPU
		{AB24C6BC-9568-44C8-830F-B2B18F23E459}.Release|Any CPU.Build.0 = Release|Any CPU
		{AB24C6BC-9568-44C8-830F-B2B18F23E459}.Release|ARM.ActiveCfg = Release|Any CPU
		{AB24C6BC-9568-44C8-830F-B2B18F23E459}.Release|ARM.Build.0 = Release|Any CPU
		{AB24C6BC-9568-44C8-830F-B2B18F23E459}.Release|iPhone.ActiveCfg = Release|Any CPU
		{AB24C6BC-9568-44C8-830F-B2B18F23E459}.Release|iPhone.Build.0 = Release|Any CPU
		{AB24C6BC-9568-44C8-830F-B2B18F23E459}.Release|iPhoneSimulator.ActiveCfg = Release|Any CPU
		{AB24C6BC-9568-44C8-830F-B2B18F23E459}.Release|iPhoneSimulator.Build.0 = Release|Any CPU
		{AB24C6BC-9568-44C8-830F-B2B18F23E459}.Release|x64.ActiveCfg = Release|Any CPU
		{AB24C6BC-9568-44C8-830F-B2B18F23E459}.Release|x64.Build.0 = Release|Any CPU
		{AB24C6BC-9568-44C8-830F-B2B18F23E459}.Release|x86.ActiveCfg = Release|Any CPU
		{AB24C6BC-9568-44C8-830F-B2B18F23E459}.Release|x86.Build.0 = Release|Any CPU
		{9B3F144F-575E-43B7-AE44-ECAF54D8C102}.Ad-Hoc|Any CPU.ActiveCfg = Release|Any CPU
		{9B3F144F-575E-43B7-AE44-ECAF54D8C102}.Ad-Hoc|Any CPU.Build.0 = Release|Any CPU
		{9B3F144F-575E-43B7-AE44-ECAF54D8C102}.Ad-Hoc|Any CPU.Deploy.0 = Release|Any CPU
		{9B3F144F-575E-43B7-AE44-ECAF54D8C102}.Ad-Hoc|ARM.ActiveCfg = Release|Any CPU
		{9B3F144F-575E-43B7-AE44-ECAF54D8C102}.Ad-Hoc|ARM.Build.0 = Release|Any CPU
		{9B3F144F-575E-43B7-AE44-ECAF54D8C102}.Ad-Hoc|ARM.Deploy.0 = Release|Any CPU
		{9B3F144F-575E-43B7-AE44-ECAF54D8C102}.Ad-Hoc|iPhone.ActiveCfg = Release|Any CPU
		{9B3F144F-575E-43B7-AE44-ECAF54D8C102}.Ad-Hoc|iPhone.Build.0 = Release|Any CPU
		{9B3F144F-575E-43B7-AE44-ECAF54D8C102}.Ad-Hoc|iPhone.Deploy.0 = Release|Any CPU
		{9B3F144F-575E-43B7-AE44-ECAF54D8C102}.Ad-Hoc|iPhoneSimulator.ActiveCfg = Release|Any CPU
		{9B3F144F-575E-43B7-AE44-ECAF54D8C102}.Ad-Hoc|iPhoneSimulator.Build.0 = Release|Any CPU
		{9B3F144F-575E-43B7-AE44-ECAF54D8C102}.Ad-Hoc|iPhoneSimulator.Deploy.0 = Release|Any CPU
		{9B3F144F-575E-43B7-AE44-ECAF54D8C102}.Ad-Hoc|x64.ActiveCfg = Release|Any CPU
		{9B3F144F-575E-43B7-AE44-ECAF54D8C102}.Ad-Hoc|x64.Build.0 = Release|Any CPU
		{9B3F144F-575E-43B7-AE44-ECAF54D8C102}.Ad-Hoc|x64.Deploy.0 = Release|Any CPU
		{9B3F144F-575E-43B7-AE44-ECAF54D8C102}.Ad-Hoc|x86.ActiveCfg = Release|Any CPU
		{9B3F144F-575E-43B7-AE44-ECAF54D8C102}.Ad-Hoc|x86.Build.0 = Release|Any CPU
		{9B3F144F-575E-43B7-AE44-ECAF54D8C102}.Ad-Hoc|x86.Deploy.0 = Release|Any CPU
		{9B3F144F-575E-43B7-AE44-ECAF54D8C102}.AppStore|Any CPU.ActiveCfg = Release|Any CPU
		{9B3F144F-575E-43B7-AE44-ECAF54D8C102}.AppStore|Any CPU.Build.0 = Release|Any CPU
		{9B3F144F-575E-43B7-AE44-ECAF54D8C102}.AppStore|Any CPU.Deploy.0 = Release|Any CPU
		{9B3F144F-575E-43B7-AE44-ECAF54D8C102}.AppStore|ARM.ActiveCfg = Release|Any CPU
		{9B3F144F-575E-43B7-AE44-ECAF54D8C102}.AppStore|ARM.Build.0 = Release|Any CPU
		{9B3F144F-575E-43B7-AE44-ECAF54D8C102}.AppStore|ARM.Deploy.0 = Release|Any CPU
		{9B3F144F-575E-43B7-AE44-ECAF54D8C102}.AppStore|iPhone.ActiveCfg = Release|Any CPU
		{9B3F144F-575E-43B7-AE44-ECAF54D8C102}.AppStore|iPhone.Build.0 = Release|Any CPU
		{9B3F144F-575E-43B7-AE44-ECAF54D8C102}.AppStore|iPhone.Deploy.0 = Release|Any CPU
		{9B3F144F-575E-43B7-AE44-ECAF54D8C102}.AppStore|iPhoneSimulator.ActiveCfg = Release|Any CPU
		{9B3F144F-575E-43B7-AE44-ECAF54D8C102}.AppStore|iPhoneSimulator.Build.0 = Release|Any CPU
		{9B3F144F-575E-43B7-AE44-ECAF54D8C102}.AppStore|iPhoneSimulator.Deploy.0 = Release|Any CPU
		{9B3F144F-575E-43B7-AE44-ECAF54D8C102}.AppStore|x64.ActiveCfg = Release|Any CPU
		{9B3F144F-575E-43B7-AE44-ECAF54D8C102}.AppStore|x64.Build.0 = Release|Any CPU
		{9B3F144F-575E-43B7-AE44-ECAF54D8C102}.AppStore|x64.Deploy.0 = Release|Any CPU
		{9B3F144F-575E-43B7-AE44-ECAF54D8C102}.AppStore|x86.ActiveCfg = Release|Any CPU
		{9B3F144F-575E-43B7-AE44-ECAF54D8C102}.AppStore|x86.Build.0 = Release|Any CPU
		{9B3F144F-575E-43B7-AE44-ECAF54D8C102}.AppStore|x86.Deploy.0 = Release|Any CPU
		{9B3F144F-575E-43B7-AE44-ECAF54D8C102}.Debug|Any CPU.ActiveCfg = Debug|Any CPU
		{9B3F144F-575E-43B7-AE44-ECAF54D8C102}.Debug|Any CPU.Build.0 = Debug|Any CPU
		{9B3F144F-575E-43B7-AE44-ECAF54D8C102}.Debug|Any CPU.Deploy.0 = Debug|Any CPU
		{9B3F144F-575E-43B7-AE44-ECAF54D8C102}.Debug|ARM.ActiveCfg = Debug|Any CPU
		{9B3F144F-575E-43B7-AE44-ECAF54D8C102}.Debug|ARM.Build.0 = Debug|Any CPU
		{9B3F144F-575E-43B7-AE44-ECAF54D8C102}.Debug|ARM.Deploy.0 = Debug|Any CPU
		{9B3F144F-575E-43B7-AE44-ECAF54D8C102}.Debug|iPhone.ActiveCfg = Debug|Any CPU
		{9B3F144F-575E-43B7-AE44-ECAF54D8C102}.Debug|iPhone.Build.0 = Debug|Any CPU
		{9B3F144F-575E-43B7-AE44-ECAF54D8C102}.Debug|iPhone.Deploy.0 = Debug|Any CPU
		{9B3F144F-575E-43B7-AE44-ECAF54D8C102}.Debug|iPhoneSimulator.ActiveCfg = Debug|Any CPU
		{9B3F144F-575E-43B7-AE44-ECAF54D8C102}.Debug|iPhoneSimulator.Build.0 = Debug|Any CPU
		{9B3F144F-575E-43B7-AE44-ECAF54D8C102}.Debug|iPhoneSimulator.Deploy.0 = Debug|Any CPU
		{9B3F144F-575E-43B7-AE44-ECAF54D8C102}.Debug|x64.ActiveCfg = Debug|Any CPU
		{9B3F144F-575E-43B7-AE44-ECAF54D8C102}.Debug|x64.Build.0 = Debug|Any CPU
		{9B3F144F-575E-43B7-AE44-ECAF54D8C102}.Debug|x64.Deploy.0 = Debug|Any CPU
		{9B3F144F-575E-43B7-AE44-ECAF54D8C102}.Debug|x86.ActiveCfg = Debug|Any CPU
		{9B3F144F-575E-43B7-AE44-ECAF54D8C102}.Debug|x86.Build.0 = Debug|Any CPU
		{9B3F144F-575E-43B7-AE44-ECAF54D8C102}.Debug|x86.Deploy.0 = Debug|Any CPU
		{9B3F144F-575E-43B7-AE44-ECAF54D8C102}.Release|Any CPU.ActiveCfg = Release|Any CPU
		{9B3F144F-575E-43B7-AE44-ECAF54D8C102}.Release|Any CPU.Build.0 = Release|Any CPU
		{9B3F144F-575E-43B7-AE44-ECAF54D8C102}.Release|Any CPU.Deploy.0 = Release|Any CPU
		{9B3F144F-575E-43B7-AE44-ECAF54D8C102}.Release|ARM.ActiveCfg = Release|Any CPU
		{9B3F144F-575E-43B7-AE44-ECAF54D8C102}.Release|ARM.Build.0 = Release|Any CPU
		{9B3F144F-575E-43B7-AE44-ECAF54D8C102}.Release|ARM.Deploy.0 = Release|Any CPU
		{9B3F144F-575E-43B7-AE44-ECAF54D8C102}.Release|iPhone.ActiveCfg = Release|Any CPU
		{9B3F144F-575E-43B7-AE44-ECAF54D8C102}.Release|iPhone.Build.0 = Release|Any CPU
		{9B3F144F-575E-43B7-AE44-ECAF54D8C102}.Release|iPhone.Deploy.0 = Release|Any CPU
		{9B3F144F-575E-43B7-AE44-ECAF54D8C102}.Release|iPhoneSimulator.ActiveCfg = Release|Any CPU
		{9B3F144F-575E-43B7-AE44-ECAF54D8C102}.Release|iPhoneSimulator.Build.0 = Release|Any CPU
		{9B3F144F-575E-43B7-AE44-ECAF54D8C102}.Release|iPhoneSimulator.Deploy.0 = Release|Any CPU
		{9B3F144F-575E-43B7-AE44-ECAF54D8C102}.Release|x64.ActiveCfg = Release|Any CPU
		{9B3F144F-575E-43B7-AE44-ECAF54D8C102}.Release|x64.Build.0 = Release|Any CPU
		{9B3F144F-575E-43B7-AE44-ECAF54D8C102}.Release|x64.Deploy.0 = Release|Any CPU
		{9B3F144F-575E-43B7-AE44-ECAF54D8C102}.Release|x86.ActiveCfg = Release|Any CPU
		{9B3F144F-575E-43B7-AE44-ECAF54D8C102}.Release|x86.Build.0 = Release|Any CPU
		{9B3F144F-575E-43B7-AE44-ECAF54D8C102}.Release|x86.Deploy.0 = Release|Any CPU
		{374D47D0-5FF7-4E4D-9F55-A3D91CA21B84}.Ad-Hoc|Any CPU.ActiveCfg = Ad-Hoc|iPhone
		{374D47D0-5FF7-4E4D-9F55-A3D91CA21B84}.Ad-Hoc|ARM.ActiveCfg = Ad-Hoc|iPhone
		{374D47D0-5FF7-4E4D-9F55-A3D91CA21B84}.Ad-Hoc|iPhone.ActiveCfg = Ad-Hoc|iPhone
		{374D47D0-5FF7-4E4D-9F55-A3D91CA21B84}.Ad-Hoc|iPhone.Build.0 = Ad-Hoc|iPhone
		{374D47D0-5FF7-4E4D-9F55-A3D91CA21B84}.Ad-Hoc|iPhoneSimulator.ActiveCfg = Ad-Hoc|iPhoneSimulator
		{374D47D0-5FF7-4E4D-9F55-A3D91CA21B84}.Ad-Hoc|iPhoneSimulator.Build.0 = Ad-Hoc|iPhoneSimulator
		{374D47D0-5FF7-4E4D-9F55-A3D91CA21B84}.Ad-Hoc|x64.ActiveCfg = Ad-Hoc|iPhone
		{374D47D0-5FF7-4E4D-9F55-A3D91CA21B84}.Ad-Hoc|x86.ActiveCfg = Ad-Hoc|iPhone
		{374D47D0-5FF7-4E4D-9F55-A3D91CA21B84}.AppStore|Any CPU.ActiveCfg = AppStore|iPhone
		{374D47D0-5FF7-4E4D-9F55-A3D91CA21B84}.AppStore|ARM.ActiveCfg = AppStore|iPhone
		{374D47D0-5FF7-4E4D-9F55-A3D91CA21B84}.AppStore|iPhone.ActiveCfg = AppStore|iPhone
		{374D47D0-5FF7-4E4D-9F55-A3D91CA21B84}.AppStore|iPhone.Build.0 = AppStore|iPhone
		{374D47D0-5FF7-4E4D-9F55-A3D91CA21B84}.AppStore|iPhoneSimulator.ActiveCfg = AppStore|iPhoneSimulator
		{374D47D0-5FF7-4E4D-9F55-A3D91CA21B84}.AppStore|iPhoneSimulator.Build.0 = AppStore|iPhoneSimulator
		{374D47D0-5FF7-4E4D-9F55-A3D91CA21B84}.AppStore|x64.ActiveCfg = AppStore|iPhone
		{374D47D0-5FF7-4E4D-9F55-A3D91CA21B84}.AppStore|x86.ActiveCfg = AppStore|iPhone
		{374D47D0-5FF7-4E4D-9F55-A3D91CA21B84}.Debug|Any CPU.ActiveCfg = Debug|iPhone
		{374D47D0-5FF7-4E4D-9F55-A3D91CA21B84}.Debug|ARM.ActiveCfg = Debug|iPhone
		{374D47D0-5FF7-4E4D-9F55-A3D91CA21B84}.Debug|iPhone.ActiveCfg = Debug|iPhone
		{374D47D0-5FF7-4E4D-9F55-A3D91CA21B84}.Debug|iPhone.Build.0 = Debug|iPhone
		{374D47D0-5FF7-4E4D-9F55-A3D91CA21B84}.Debug|iPhoneSimulator.ActiveCfg = Debug|iPhoneSimulator
		{374D47D0-5FF7-4E4D-9F55-A3D91CA21B84}.Debug|iPhoneSimulator.Build.0 = Debug|iPhoneSimulator
		{374D47D0-5FF7-4E4D-9F55-A3D91CA21B84}.Debug|x64.ActiveCfg = Debug|iPhone
		{374D47D0-5FF7-4E4D-9F55-A3D91CA21B84}.Debug|x86.ActiveCfg = Debug|iPhone
		{374D47D0-5FF7-4E4D-9F55-A3D91CA21B84}.Release|Any CPU.ActiveCfg = Release|iPhone
		{374D47D0-5FF7-4E4D-9F55-A3D91CA21B84}.Release|ARM.ActiveCfg = Release|iPhone
		{374D47D0-5FF7-4E4D-9F55-A3D91CA21B84}.Release|iPhone.ActiveCfg = Release|iPhone
		{374D47D0-5FF7-4E4D-9F55-A3D91CA21B84}.Release|iPhone.Build.0 = Release|iPhone
		{374D47D0-5FF7-4E4D-9F55-A3D91CA21B84}.Release|iPhoneSimulator.ActiveCfg = Release|iPhoneSimulator
		{374D47D0-5FF7-4E4D-9F55-A3D91CA21B84}.Release|iPhoneSimulator.Build.0 = Release|iPhoneSimulator
		{374D47D0-5FF7-4E4D-9F55-A3D91CA21B84}.Release|x64.ActiveCfg = Release|iPhone
		{374D47D0-5FF7-4E4D-9F55-A3D91CA21B84}.Release|x86.ActiveCfg = Release|iPhone
		{222470C1-EC35-4258-AC07-B0A20C50EF68}.Ad-Hoc|Any CPU.ActiveCfg = Release|x86
		{222470C1-EC35-4258-AC07-B0A20C50EF68}.Ad-Hoc|Any CPU.Build.0 = Release|x86
		{222470C1-EC35-4258-AC07-B0A20C50EF68}.Ad-Hoc|Any CPU.Deploy.0 = Release|x86
		{222470C1-EC35-4258-AC07-B0A20C50EF68}.Ad-Hoc|ARM.ActiveCfg = Release|ARM
		{222470C1-EC35-4258-AC07-B0A20C50EF68}.Ad-Hoc|ARM.Build.0 = Release|ARM
		{222470C1-EC35-4258-AC07-B0A20C50EF68}.Ad-Hoc|ARM.Deploy.0 = Release|ARM
		{222470C1-EC35-4258-AC07-B0A20C50EF68}.Ad-Hoc|iPhone.ActiveCfg = Release|x86
		{222470C1-EC35-4258-AC07-B0A20C50EF68}.Ad-Hoc|iPhone.Build.0 = Release|x86
		{222470C1-EC35-4258-AC07-B0A20C50EF68}.Ad-Hoc|iPhone.Deploy.0 = Release|x86
		{222470C1-EC35-4258-AC07-B0A20C50EF68}.Ad-Hoc|iPhoneSimulator.ActiveCfg = Release|x86
		{222470C1-EC35-4258-AC07-B0A20C50EF68}.Ad-Hoc|iPhoneSimulator.Build.0 = Release|x86
		{222470C1-EC35-4258-AC07-B0A20C50EF68}.Ad-Hoc|iPhoneSimulator.Deploy.0 = Release|x86
		{222470C1-EC35-4258-AC07-B0A20C50EF68}.Ad-Hoc|x64.ActiveCfg = Release|x64
		{222470C1-EC35-4258-AC07-B0A20C50EF68}.Ad-Hoc|x64.Build.0 = Release|x64
		{222470C1-EC35-4258-AC07-B0A20C50EF68}.Ad-Hoc|x64.Deploy.0 = Release|x64
		{222470C1-EC35-4258-AC07-B0A20C50EF68}.Ad-Hoc|x86.ActiveCfg = Release|x86
		{222470C1-EC35-4258-AC07-B0A20C50EF68}.Ad-Hoc|x86.Build.0 = Release|x86
		{222470C1-EC35-4258-AC07-B0A20C50EF68}.Ad-Hoc|x86.Deploy.0 = Release|x86
		{222470C1-EC35-4258-AC07-B0A20C50EF68}.AppStore|Any CPU.ActiveCfg = Release|x86
		{222470C1-EC35-4258-AC07-B0A20C50EF68}.AppStore|Any CPU.Build.0 = Release|x86
		{222470C1-EC35-4258-AC07-B0A20C50EF68}.AppStore|Any CPU.Deploy.0 = Release|x86
		{222470C1-EC35-4258-AC07-B0A20C50EF68}.AppStore|ARM.ActiveCfg = Release|ARM
		{222470C1-EC35-4258-AC07-B0A20C50EF68}.AppStore|ARM.Build.0 = Release|ARM
		{222470C1-EC35-4258-AC07-B0A20C50EF68}.AppStore|ARM.Deploy.0 = Release|ARM
		{222470C1-EC35-4258-AC07-B0A20C50EF68}.AppStore|iPhone.ActiveCfg = Release|x86
		{222470C1-EC35-4258-AC07-B0A20C50EF68}.AppStore|iPhone.Build.0 = Release|x86
		{222470C1-EC35-4258-AC07-B0A20C50EF68}.AppStore|iPhone.Deploy.0 = Release|x86
		{222470C1-EC35-4258-AC07-B0A20C50EF68}.AppStore|iPhoneSimulator.ActiveCfg = Release|x86
		{222470C1-EC35-4258-AC07-B0A20C50EF68}.AppStore|iPhoneSimulator.Build.0 = Release|x86
		{222470C1-EC35-4258-AC07-B0A20C50EF68}.AppStore|iPhoneSimulator.Deploy.0 = Release|x86
		{222470C1-EC35-4258-AC07-B0A20C50EF68}.AppStore|x64.ActiveCfg = Release|x64
		{222470C1-EC35-4258-AC07-B0A20C50EF68}.AppStore|x64.Build.0 = Release|x64
		{222470C1-EC35-4258-AC07-B0A20C50EF68}.AppStore|x64.Deploy.0 = Release|x64
		{222470C1-EC35-4258-AC07-B0A20C50EF68}.AppStore|x86.ActiveCfg = Release|x86
		{222470C1-EC35-4258-AC07-B0A20C50EF68}.AppStore|x86.Build.0 = Release|x86
		{222470C1-EC35-4258-AC07-B0A20C50EF68}.AppStore|x86.Deploy.0 = Release|x86
		{222470C1-EC35-4258-AC07-B0A20C50EF68}.Debug|Any CPU.ActiveCfg = Debug|x86
		{222470C1-EC35-4258-AC07-B0A20C50EF68}.Debug|ARM.ActiveCfg = Debug|ARM
		{222470C1-EC35-4258-AC07-B0A20C50EF68}.Debug|ARM.Build.0 = Debug|ARM
		{222470C1-EC35-4258-AC07-B0A20C50EF68}.Debug|ARM.Deploy.0 = Debug|ARM
		{222470C1-EC35-4258-AC07-B0A20C50EF68}.Debug|iPhone.ActiveCfg = Debug|x86
		{222470C1-EC35-4258-AC07-B0A20C50EF68}.Debug|iPhoneSimulator.ActiveCfg = Debug|x86
		{222470C1-EC35-4258-AC07-B0A20C50EF68}.Debug|x64.ActiveCfg = Debug|x64
		{222470C1-EC35-4258-AC07-B0A20C50EF68}.Debug|x64.Build.0 = Debug|x64
		{222470C1-EC35-4258-AC07-B0A20C50EF68}.Debug|x64.Deploy.0 = Debug|x64
		{222470C1-EC35-4258-AC07-B0A20C50EF68}.Debug|x86.ActiveCfg = Debug|x86
		{222470C1-EC35-4258-AC07-B0A20C50EF68}.Debug|x86.Build.0 = Debug|x86
		{222470C1-EC35-4258-AC07-B0A20C50EF68}.Debug|x86.Deploy.0 = Debug|x86
		{222470C1-EC35-4258-AC07-B0A20C50EF68}.Release|Any CPU.ActiveCfg = Release|x86
		{222470C1-EC35-4258-AC07-B0A20C50EF68}.Release|ARM.ActiveCfg = Release|ARM
		{222470C1-EC35-4258-AC07-B0A20C50EF68}.Release|ARM.Build.0 = Release|ARM
		{222470C1-EC35-4258-AC07-B0A20C50EF68}.Release|ARM.Deploy.0 = Release|ARM
		{222470C1-EC35-4258-AC07-B0A20C50EF68}.Release|iPhone.ActiveCfg = Release|x86
		{222470C1-EC35-4258-AC07-B0A20C50EF68}.Release|iPhoneSimulator.ActiveCfg = Release|x86
		{222470C1-EC35-4258-AC07-B0A20C50EF68}.Release|x64.ActiveCfg = Release|x64
		{222470C1-EC35-4258-AC07-B0A20C50EF68}.Release|x64.Build.0 = Release|x64
		{222470C1-EC35-4258-AC07-B0A20C50EF68}.Release|x64.Deploy.0 = Release|x64
		{222470C1-EC35-4258-AC07-B0A20C50EF68}.Release|x86.ActiveCfg = Release|x86
		{222470C1-EC35-4258-AC07-B0A20C50EF68}.Release|x86.Build.0 = Release|x86
		{222470C1-EC35-4258-AC07-B0A20C50EF68}.Release|x86.Deploy.0 = Release|x86
		{C9E0685D-FCF2-4F52-90CF-D81C74E6CDA6}.Ad-Hoc|Any CPU.ActiveCfg = Debug|Any CPU
		{C9E0685D-FCF2-4F52-90CF-D81C74E6CDA6}.Ad-Hoc|Any CPU.Build.0 = Debug|Any CPU
		{C9E0685D-FCF2-4F52-90CF-D81C74E6CDA6}.Ad-Hoc|ARM.ActiveCfg = Debug|Any CPU
		{C9E0685D-FCF2-4F52-90CF-D81C74E6CDA6}.Ad-Hoc|ARM.Build.0 = Debug|Any CPU
		{C9E0685D-FCF2-4F52-90CF-D81C74E6CDA6}.Ad-Hoc|iPhone.ActiveCfg = Debug|Any CPU
		{C9E0685D-FCF2-4F52-90CF-D81C74E6CDA6}.Ad-Hoc|iPhone.Build.0 = Debug|Any CPU
		{C9E0685D-FCF2-4F52-90CF-D81C74E6CDA6}.Ad-Hoc|iPhoneSimulator.ActiveCfg = Debug|Any CPU
		{C9E0685D-FCF2-4F52-90CF-D81C74E6CDA6}.Ad-Hoc|iPhoneSimulator.Build.0 = Debug|Any CPU
		{C9E0685D-FCF2-4F52-90CF-D81C74E6CDA6}.Ad-Hoc|x64.ActiveCfg = Debug|Any CPU
		{C9E0685D-FCF2-4F52-90CF-D81C74E6CDA6}.Ad-Hoc|x64.Build.0 = Debug|Any CPU
		{C9E0685D-FCF2-4F52-90CF-D81C74E6CDA6}.Ad-Hoc|x86.ActiveCfg = Debug|Any CPU
		{C9E0685D-FCF2-4F52-90CF-D81C74E6CDA6}.Ad-Hoc|x86.Build.0 = Debug|Any CPU
		{C9E0685D-FCF2-4F52-90CF-D81C74E6CDA6}.AppStore|Any CPU.ActiveCfg = Debug|Any CPU
		{C9E0685D-FCF2-4F52-90CF-D81C74E6CDA6}.AppStore|Any CPU.Build.0 = Debug|Any CPU
		{C9E0685D-FCF2-4F52-90CF-D81C74E6CDA6}.AppStore|ARM.ActiveCfg = Debug|Any CPU
		{C9E0685D-FCF2-4F52-90CF-D81C74E6CDA6}.AppStore|ARM.Build.0 = Debug|Any CPU
		{C9E0685D-FCF2-4F52-90CF-D81C74E6CDA6}.AppStore|iPhone.ActiveCfg = Debug|Any CPU
		{C9E0685D-FCF2-4F52-90CF-D81C74E6CDA6}.AppStore|iPhone.Build.0 = Debug|Any CPU
		{C9E0685D-FCF2-4F52-90CF-D81C74E6CDA6}.AppStore|iPhoneSimulator.ActiveCfg = Debug|Any CPU
		{C9E0685D-FCF2-4F52-90CF-D81C74E6CDA6}.AppStore|iPhoneSimulator.Build.0 = Debug|Any CPU
		{C9E0685D-FCF2-4F52-90CF-D81C74E6CDA6}.AppStore|x64.ActiveCfg = Debug|Any CPU
		{C9E0685D-FCF2-4F52-90CF-D81C74E6CDA6}.AppStore|x64.Build.0 = Debug|Any CPU
		{C9E0685D-FCF2-4F52-90CF-D81C74E6CDA6}.AppStore|x86.ActiveCfg = Debug|Any CPU
		{C9E0685D-FCF2-4F52-90CF-D81C74E6CDA6}.AppStore|x86.Build.0 = Debug|Any CPU
		{C9E0685D-FCF2-4F52-90CF-D81C74E6CDA6}.Debug|Any CPU.ActiveCfg = Debug|Any CPU
		{C9E0685D-FCF2-4F52-90CF-D81C74E6CDA6}.Debug|Any CPU.Build.0 = Debug|Any CPU
		{C9E0685D-FCF2-4F52-90CF-D81C74E6CDA6}.Debug|ARM.ActiveCfg = Debug|Any CPU
		{C9E0685D-FCF2-4F52-90CF-D81C74E6CDA6}.Debug|ARM.Build.0 = Debug|Any CPU
		{C9E0685D-FCF2-4F52-90CF-D81C74E6CDA6}.Debug|iPhone.ActiveCfg = Debug|Any CPU
		{C9E0685D-FCF2-4F52-90CF-D81C74E6CDA6}.Debug|iPhone.Build.0 = Debug|Any CPU
		{C9E0685D-FCF2-4F52-90CF-D81C74E6CDA6}.Debug|iPhoneSimulator.ActiveCfg = Debug|Any CPU
		{C9E0685D-FCF2-4F52-90CF-D81C74E6CDA6}.Debug|iPhoneSimulator.Build.0 = Debug|Any CPU
		{C9E0685D-FCF2-4F52-90CF-D81C74E6CDA6}.Debug|x64.ActiveCfg = Debug|Any CPU
		{C9E0685D-FCF2-4F52-90CF-D81C74E6CDA6}.Debug|x64.Build.0 = Debug|Any CPU
		{C9E0685D-FCF2-4F52-90CF-D81C74E6CDA6}.Debug|x86.ActiveCfg = Debug|Any CPU
		{C9E0685D-FCF2-4F52-90CF-D81C74E6CDA6}.Debug|x86.Build.0 = Debug|Any CPU
		{C9E0685D-FCF2-4F52-90CF-D81C74E6CDA6}.Release|Any CPU.ActiveCfg = Release|Any CPU
		{C9E0685D-FCF2-4F52-90CF-D81C74E6CDA6}.Release|Any CPU.Build.0 = Release|Any CPU
		{C9E0685D-FCF2-4F52-90CF-D81C74E6CDA6}.Release|ARM.ActiveCfg = Release|Any CPU
		{C9E0685D-FCF2-4F52-90CF-D81C74E6CDA6}.Release|ARM.Build.0 = Release|Any CPU
		{C9E0685D-FCF2-4F52-90CF-D81C74E6CDA6}.Release|iPhone.ActiveCfg = Release|Any CPU
		{C9E0685D-FCF2-4F52-90CF-D81C74E6CDA6}.Release|iPhone.Build.0 = Release|Any CPU
		{C9E0685D-FCF2-4F52-90CF-D81C74E6CDA6}.Release|iPhoneSimulator.ActiveCfg = Release|Any CPU
		{C9E0685D-FCF2-4F52-90CF-D81C74E6CDA6}.Release|iPhoneSimulator.Build.0 = Release|Any CPU
		{C9E0685D-FCF2-4F52-90CF-D81C74E6CDA6}.Release|x64.ActiveCfg = Release|Any CPU
		{C9E0685D-FCF2-4F52-90CF-D81C74E6CDA6}.Release|x64.Build.0 = Release|Any CPU
		{C9E0685D-FCF2-4F52-90CF-D81C74E6CDA6}.Release|x86.ActiveCfg = Release|Any CPU
		{C9E0685D-FCF2-4F52-90CF-D81C74E6CDA6}.Release|x86.Build.0 = Release|Any CPU
		{DE9BA0E0-5DA1-4359-88DD-2577E3EFAF93}.Ad-Hoc|Any CPU.ActiveCfg = Release|Any CPU
		{DE9BA0E0-5DA1-4359-88DD-2577E3EFAF93}.Ad-Hoc|Any CPU.Build.0 = Release|Any CPU
		{DE9BA0E0-5DA1-4359-88DD-2577E3EFAF93}.Ad-Hoc|ARM.ActiveCfg = Release|Any CPU
		{DE9BA0E0-5DA1-4359-88DD-2577E3EFAF93}.Ad-Hoc|ARM.Build.0 = Release|Any CPU
		{DE9BA0E0-5DA1-4359-88DD-2577E3EFAF93}.Ad-Hoc|iPhone.ActiveCfg = Release|Any CPU
		{DE9BA0E0-5DA1-4359-88DD-2577E3EFAF93}.Ad-Hoc|iPhone.Build.0 = Release|Any CPU
		{DE9BA0E0-5DA1-4359-88DD-2577E3EFAF93}.Ad-Hoc|iPhoneSimulator.ActiveCfg = Release|Any CPU
		{DE9BA0E0-5DA1-4359-88DD-2577E3EFAF93}.Ad-Hoc|iPhoneSimulator.Build.0 = Release|Any CPU
		{DE9BA0E0-5DA1-4359-88DD-2577E3EFAF93}.Ad-Hoc|x64.ActiveCfg = Release|Any CPU
		{DE9BA0E0-5DA1-4359-88DD-2577E3EFAF93}.Ad-Hoc|x64.Build.0 = Release|Any CPU
		{DE9BA0E0-5DA1-4359-88DD-2577E3EFAF93}.Ad-Hoc|x86.ActiveCfg = Release|Any CPU
		{DE9BA0E0-5DA1-4359-88DD-2577E3EFAF93}.Ad-Hoc|x86.Build.0 = Release|Any CPU
		{DE9BA0E0-5DA1-4359-88DD-2577E3EFAF93}.AppStore|Any CPU.ActiveCfg = Release|Any CPU
		{DE9BA0E0-5DA1-4359-88DD-2577E3EFAF93}.AppStore|Any CPU.Build.0 = Release|Any CPU
		{DE9BA0E0-5DA1-4359-88DD-2577E3EFAF93}.AppStore|ARM.ActiveCfg = Release|Any CPU
		{DE9BA0E0-5DA1-4359-88DD-2577E3EFAF93}.AppStore|ARM.Build.0 = Release|Any CPU
		{DE9BA0E0-5DA1-4359-88DD-2577E3EFAF93}.AppStore|iPhone.ActiveCfg = Release|Any CPU
		{DE9BA0E0-5DA1-4359-88DD-2577E3EFAF93}.AppStore|iPhone.Build.0 = Release|Any CPU
		{DE9BA0E0-5DA1-4359-88DD-2577E3EFAF93}.AppStore|iPhoneSimulator.ActiveCfg = Release|Any CPU
		{DE9BA0E0-5DA1-4359-88DD-2577E3EFAF93}.AppStore|iPhoneSimulator.Build.0 = Release|Any CPU
		{DE9BA0E0-5DA1-4359-88DD-2577E3EFAF93}.AppStore|x64.ActiveCfg = Release|Any CPU
		{DE9BA0E0-5DA1-4359-88DD-2577E3EFAF93}.AppStore|x64.Build.0 = Release|Any CPU
		{DE9BA0E0-5DA1-4359-88DD-2577E3EFAF93}.AppStore|x86.ActiveCfg = Release|Any CPU
		{DE9BA0E0-5DA1-4359-88DD-2577E3EFAF93}.AppStore|x86.Build.0 = Release|Any CPU
		{DE9BA0E0-5DA1-4359-88DD-2577E3EFAF93}.Debug|Any CPU.ActiveCfg = Debug|Any CPU
		{DE9BA0E0-5DA1-4359-88DD-2577E3EFAF93}.Debug|Any CPU.Build.0 = Debug|Any CPU
		{DE9BA0E0-5DA1-4359-88DD-2577E3EFAF93}.Debug|ARM.ActiveCfg = Debug|Any CPU
		{DE9BA0E0-5DA1-4359-88DD-2577E3EFAF93}.Debug|ARM.Build.0 = Debug|Any CPU
		{DE9BA0E0-5DA1-4359-88DD-2577E3EFAF93}.Debug|iPhone.ActiveCfg = Debug|Any CPU
		{DE9BA0E0-5DA1-4359-88DD-2577E3EFAF93}.Debug|iPhone.Build.0 = Debug|Any CPU
		{DE9BA0E0-5DA1-4359-88DD-2577E3EFAF93}.Debug|iPhoneSimulator.ActiveCfg = Debug|Any CPU
		{DE9BA0E0-5DA1-4359-88DD-2577E3EFAF93}.Debug|iPhoneSimulator.Build.0 = Debug|Any CPU
		{DE9BA0E0-5DA1-4359-88DD-2577E3EFAF93}.Debug|x64.ActiveCfg = Debug|Any CPU
		{DE9BA0E0-5DA1-4359-88DD-2577E3EFAF93}.Debug|x64.Build.0 = Debug|Any CPU
		{DE9BA0E0-5DA1-4359-88DD-2577E3EFAF93}.Debug|x86.ActiveCfg = Debug|Any CPU
		{DE9BA0E0-5DA1-4359-88DD-2577E3EFAF93}.Debug|x86.Build.0 = Debug|Any CPU
		{DE9BA0E0-5DA1-4359-88DD-2577E3EFAF93}.Release|Any CPU.ActiveCfg = Release|Any CPU
		{DE9BA0E0-5DA1-4359-88DD-2577E3EFAF93}.Release|Any CPU.Build.0 = Release|Any CPU
		{DE9BA0E0-5DA1-4359-88DD-2577E3EFAF93}.Release|ARM.ActiveCfg = Release|Any CPU
		{DE9BA0E0-5DA1-4359-88DD-2577E3EFAF93}.Release|ARM.Build.0 = Release|Any CPU
		{DE9BA0E0-5DA1-4359-88DD-2577E3EFAF93}.Release|iPhone.ActiveCfg = Release|Any CPU
		{DE9BA0E0-5DA1-4359-88DD-2577E3EFAF93}.Release|iPhone.Build.0 = Release|Any CPU
		{DE9BA0E0-5DA1-4359-88DD-2577E3EFAF93}.Release|iPhoneSimulator.ActiveCfg = Release|Any CPU
		{DE9BA0E0-5DA1-4359-88DD-2577E3EFAF93}.Release|iPhoneSimulator.Build.0 = Release|Any CPU
		{DE9BA0E0-5DA1-4359-88DD-2577E3EFAF93}.Release|x64.ActiveCfg = Release|Any CPU
		{DE9BA0E0-5DA1-4359-88DD-2577E3EFAF93}.Release|x64.Build.0 = Release|Any CPU
		{DE9BA0E0-5DA1-4359-88DD-2577E3EFAF93}.Release|x86.ActiveCfg = Release|Any CPU
		{DE9BA0E0-5DA1-4359-88DD-2577E3EFAF93}.Release|x86.Build.0 = Release|Any CPU
		{E71F3053-056C-4381-9638-048ED73BDFF6}.Ad-Hoc|Any CPU.ActiveCfg = Release|Any CPU
		{E71F3053-056C-4381-9638-048ED73BDFF6}.Ad-Hoc|Any CPU.Build.0 = Release|Any CPU
		{E71F3053-056C-4381-9638-048ED73BDFF6}.Ad-Hoc|ARM.ActiveCfg = Release|Any CPU
		{E71F3053-056C-4381-9638-048ED73BDFF6}.Ad-Hoc|ARM.Build.0 = Release|Any CPU
		{E71F3053-056C-4381-9638-048ED73BDFF6}.Ad-Hoc|iPhone.ActiveCfg = Release|Any CPU
		{E71F3053-056C-4381-9638-048ED73BDFF6}.Ad-Hoc|iPhone.Build.0 = Release|Any CPU
		{E71F3053-056C-4381-9638-048ED73BDFF6}.Ad-Hoc|iPhoneSimulator.ActiveCfg = Release|Any CPU
		{E71F3053-056C-4381-9638-048ED73BDFF6}.Ad-Hoc|iPhoneSimulator.Build.0 = Release|Any CPU
		{E71F3053-056C-4381-9638-048ED73BDFF6}.Ad-Hoc|x64.ActiveCfg = Release|Any CPU
		{E71F3053-056C-4381-9638-048ED73BDFF6}.Ad-Hoc|x64.Build.0 = Release|Any CPU
		{E71F3053-056C-4381-9638-048ED73BDFF6}.Ad-Hoc|x86.ActiveCfg = Release|Any CPU
		{E71F3053-056C-4381-9638-048ED73BDFF6}.Ad-Hoc|x86.Build.0 = Release|Any CPU
		{E71F3053-056C-4381-9638-048ED73BDFF6}.AppStore|Any CPU.ActiveCfg = Release|Any CPU
		{E71F3053-056C-4381-9638-048ED73BDFF6}.AppStore|Any CPU.Build.0 = Release|Any CPU
		{E71F3053-056C-4381-9638-048ED73BDFF6}.AppStore|ARM.ActiveCfg = Release|Any CPU
		{E71F3053-056C-4381-9638-048ED73BDFF6}.AppStore|ARM.Build.0 = Release|Any CPU
		{E71F3053-056C-4381-9638-048ED73BDFF6}.AppStore|iPhone.ActiveCfg = Release|Any CPU
		{E71F3053-056C-4381-9638-048ED73BDFF6}.AppStore|iPhone.Build.0 = Release|Any CPU
		{E71F3053-056C-4381-9638-048ED73BDFF6}.AppStore|iPhoneSimulator.ActiveCfg = Release|Any CPU
		{E71F3053-056C-4381-9638-048ED73BDFF6}.AppStore|iPhoneSimulator.Build.0 = Release|Any CPU
		{E71F3053-056C-4381-9638-048ED73BDFF6}.AppStore|x64.ActiveCfg = Release|Any CPU
		{E71F3053-056C-4381-9638-048ED73BDFF6}.AppStore|x64.Build.0 = Release|Any CPU
		{E71F3053-056C-4381-9638-048ED73BDFF6}.AppStore|x86.ActiveCfg = Release|Any CPU
		{E71F3053-056C-4381-9638-048ED73BDFF6}.AppStore|x86.Build.0 = Release|Any CPU
		{E71F3053-056C-4381-9638-048ED73BDFF6}.Debug|Any CPU.ActiveCfg = Debug|Any CPU
		{E71F3053-056C-4381-9638-048ED73BDFF6}.Debug|Any CPU.Build.0 = Debug|Any CPU
		{E71F3053-056C-4381-9638-048ED73BDFF6}.Debug|ARM.ActiveCfg = Debug|Any CPU
		{E71F3053-056C-4381-9638-048ED73BDFF6}.Debug|ARM.Build.0 = Debug|Any CPU
		{E71F3053-056C-4381-9638-048ED73BDFF6}.Debug|iPhone.ActiveCfg = Debug|Any CPU
		{E71F3053-056C-4381-9638-048ED73BDFF6}.Debug|iPhone.Build.0 = Debug|Any CPU
		{E71F3053-056C-4381-9638-048ED73BDFF6}.Debug|iPhoneSimulator.ActiveCfg = Debug|Any CPU
		{E71F3053-056C-4381-9638-048ED73BDFF6}.Debug|iPhoneSimulator.Build.0 = Debug|Any CPU
		{E71F3053-056C-4381-9638-048ED73BDFF6}.Debug|x64.ActiveCfg = Debug|Any CPU
		{E71F3053-056C-4381-9638-048ED73BDFF6}.Debug|x64.Build.0 = Debug|Any CPU
		{E71F3053-056C-4381-9638-048ED73BDFF6}.Debug|x86.ActiveCfg = Debug|Any CPU
		{E71F3053-056C-4381-9638-048ED73BDFF6}.Debug|x86.Build.0 = Debug|Any CPU
		{E71F3053-056C-4381-9638-048ED73BDFF6}.Release|Any CPU.ActiveCfg = Release|Any CPU
		{E71F3053-056C-4381-9638-048ED73BDFF6}.Release|Any CPU.Build.0 = Release|Any CPU
		{E71F3053-056C-4381-9638-048ED73BDFF6}.Release|ARM.ActiveCfg = Release|Any CPU
		{E71F3053-056C-4381-9638-048ED73BDFF6}.Release|ARM.Build.0 = Release|Any CPU
		{E71F3053-056C-4381-9638-048ED73BDFF6}.Release|iPhone.ActiveCfg = Release|Any CPU
		{E71F3053-056C-4381-9638-048ED73BDFF6}.Release|iPhone.Build.0 = Release|Any CPU
		{E71F3053-056C-4381-9638-048ED73BDFF6}.Release|iPhoneSimulator.ActiveCfg = Release|Any CPU
		{E71F3053-056C-4381-9638-048ED73BDFF6}.Release|iPhoneSimulator.Build.0 = Release|Any CPU
		{E71F3053-056C-4381-9638-048ED73BDFF6}.Release|x64.ActiveCfg = Release|Any CPU
		{E71F3053-056C-4381-9638-048ED73BDFF6}.Release|x64.Build.0 = Release|Any CPU
		{E71F3053-056C-4381-9638-048ED73BDFF6}.Release|x86.ActiveCfg = Release|Any CPU
		{E71F3053-056C-4381-9638-048ED73BDFF6}.Release|x86.Build.0 = Release|Any CPU
	EndGlobalSection
	GlobalSection(SolutionProperties) = preSolution
		HideSolutionNode = FALSE
	EndGlobalSection
	GlobalSection(NestedProjects) = preSolution
		{F262FE40-8852-4508-B079-40F5FB1F3FFA} = {3CC7387E-39D4-4AE4-A2F4-B9CFF1905C9D}
		{3CC7387E-39D4-4AE4-A2F4-B9CFF1905C9D} = {C181D8A0-23C4-47F9-8387-D561F22F7505}
		{034C6837-8858-45D0-A0FE-A637BB1B8CC7} = {8F1D49BF-7AD2-43E4-8C5C-02F290D80480}
		{8F1D49BF-7AD2-43E4-8C5C-02F290D80480} = {C181D8A0-23C4-47F9-8387-D561F22F7505}
		{24DDA82B-EECA-44BC-9EC5-C0DF47119D5C} = {C181D8A0-23C4-47F9-8387-D561F22F7505}
		{4E47FA5C-49FC-48BC-91B3-5CCF7CC35B23} = {0973CCE8-6136-4631-9AD1-4EB85429CF07}
		{AB24C6BC-9568-44C8-830F-B2B18F23E459} = {0A9502B8-CC90-4098-B358-4FC7301A31FF}
		{9B3F144F-575E-43B7-AE44-ECAF54D8C102} = {01769493-CBC4-4BEF-94A0-02AA2A12A390}
		{374D47D0-5FF7-4E4D-9F55-A3D91CA21B84} = {01769493-CBC4-4BEF-94A0-02AA2A12A390}
		{222470C1-EC35-4258-AC07-B0A20C50EF68} = {01769493-CBC4-4BEF-94A0-02AA2A12A390}
		{C9E0685D-FCF2-4F52-90CF-D81C74E6CDA6} = {01769493-CBC4-4BEF-94A0-02AA2A12A390}
		{0973CCE8-6136-4631-9AD1-4EB85429CF07} = {24DDA82B-EECA-44BC-9EC5-C0DF47119D5C}
		{01769493-CBC4-4BEF-94A0-02AA2A12A390} = {24DDA82B-EECA-44BC-9EC5-C0DF47119D5C}
		{0A9502B8-CC90-4098-B358-4FC7301A31FF} = {8F1D49BF-7AD2-43E4-8C5C-02F290D80480}
		{DE9BA0E0-5DA1-4359-88DD-2577E3EFAF93} = {0A9502B8-CC90-4098-B358-4FC7301A31FF}
		{E71F3053-056C-4381-9638-048ED73BDFF6} = {0A9502B8-CC90-4098-B358-4FC7301A31FF}
	EndGlobalSection
	GlobalSection(ExtensibilityGlobals) = postSolution
		SolutionGuid = {65F85479-D249-4832-8087-D479F76E59B6}
	EndGlobalSection
EndGlobal
